// !$*UTF8*$!
{
	archiveVersion = 1;
	classes = {
	};
	objectVersion = 55;
	objects = {

/* Begin PBXBuildFile section */
		EA586F5627A7DB0E00F5A904 /* Module.swift in Sources */ = {isa = PBXBuildFile; fileRef = EA586F5527A7DB0E00F5A904 /* Module.swift */; };
		EA586F5827A7DB4B00F5A904 /* UIViewController+Extensions.swift in Sources */ = {isa = PBXBuildFile; fileRef = EA586F5727A7DB4B00F5A904 /* UIViewController+Extensions.swift */; };
		EA586F5C27A7DCBB00F5A904 /* RouterImp.swift in Sources */ = {isa = PBXBuildFile; fileRef = EA586F5B27A7DCBB00F5A904 /* RouterImp.swift */; };
		EA586F5E27A7DCC600F5A904 /* Router.swift in Sources */ = {isa = PBXBuildFile; fileRef = EA586F5D27A7DCC600F5A904 /* Router.swift */; };
		EAA1EA8827A7B1A000D6EAB1 /* AppDelegate.swift in Sources */ = {isa = PBXBuildFile; fileRef = EAA1EA8727A7B1A000D6EAB1 /* AppDelegate.swift */; };
		EAA1EA9127A7B1A200D6EAB1 /* Assets.xcassets in Resources */ = {isa = PBXBuildFile; fileRef = EAA1EA9027A7B1A200D6EAB1 /* Assets.xcassets */; };
		EAA1EA9427A7B1A200D6EAB1 /* LaunchScreen.storyboard in Resources */ = {isa = PBXBuildFile; fileRef = EAA1EA9227A7B1A200D6EAB1 /* LaunchScreen.storyboard */; };
		EAA1EAA827A7B56E00D6EAB1 /* Localizable.strings in Resources */ = {isa = PBXBuildFile; fileRef = EAA1EAAA27A7B56E00D6EAB1 /* Localizable.strings */; };
		EAA1EAAC27A7B9E400D6EAB1 /* R.generated.swift in Sources */ = {isa = PBXBuildFile; fileRef = EAA1EAAB27A7B9E400D6EAB1 /* R.generated.swift */; };
		EAA1EAAF27A7BA7900D6EAB1 /* Rswift in Frameworks */ = {isa = PBXBuildFile; productRef = EAA1EAAE27A7BA7900D6EAB1 /* Rswift */; };
		EAA1EAB227A7BA9900D6EAB1 /* SnapKit in Frameworks */ = {isa = PBXBuildFile; productRef = EAA1EAB127A7BA9900D6EAB1 /* SnapKit */; };
		EAA1EAB527A7BAA500D6EAB1 /* Alamofire in Frameworks */ = {isa = PBXBuildFile; productRef = EAA1EAB427A7BAA500D6EAB1 /* Alamofire */; };
		EAA1EAB827A7BAD700D6EAB1 /* SVGKitSwift in Frameworks */ = {isa = PBXBuildFile; productRef = EAA1EAB727A7BAD700D6EAB1 /* SVGKitSwift */; };
		EAA1EABB27A7BB6900D6EAB1 /* RealmSwift in Frameworks */ = {isa = PBXBuildFile; productRef = EAA1EABA27A7BB6900D6EAB1 /* RealmSwift */; };
		EAA1EABE27A7BF1C00D6EAB1 /* SDWebImage in Frameworks */ = {isa = PBXBuildFile; productRef = EAA1EABD27A7BF1C00D6EAB1 /* SDWebImage */; };
		EAB99F5D27A7FE7100F2C4E9 /* Coordinator.swift in Sources */ = {isa = PBXBuildFile; fileRef = EAB99F5C27A7FE7100F2C4E9 /* Coordinator.swift */; };
		EAB99F5F27A7FE9A00F2C4E9 /* BaseCoordinator.swift in Sources */ = {isa = PBXBuildFile; fileRef = EAB99F5E27A7FE9A00F2C4E9 /* BaseCoordinator.swift */; };
		EAB99F6227A8017D00F2C4E9 /* Location.swift in Sources */ = {isa = PBXBuildFile; fileRef = EAB99F6127A8017D00F2C4E9 /* Location.swift */; };
		EAB99F6427A8018600F2C4E9 /* City.swift in Sources */ = {isa = PBXBuildFile; fileRef = EAB99F6327A8018600F2C4E9 /* City.swift */; };
		EAB99F6827A8032700F2C4E9 /* CityDetectionService.swift in Sources */ = {isa = PBXBuildFile; fileRef = EAB99F6727A8032700F2C4E9 /* CityDetectionService.swift */; };
		EAB99F6A27A8061200F2C4E9 /* DBCity.swift in Sources */ = {isa = PBXBuildFile; fileRef = EAB99F6927A8061200F2C4E9 /* DBCity.swift */; };
		EAB99F7027A8094100F2C4E9 /* DBLocation.swift in Sources */ = {isa = PBXBuildFile; fileRef = EAB99F6F27A8094100F2C4E9 /* DBLocation.swift */; };
/* End PBXBuildFile section */

/* Begin PBXFileReference section */
		EA586F5527A7DB0E00F5A904 /* Module.swift */ = {isa = PBXFileReference; lastKnownFileType = sourcecode.swift; path = Module.swift; sourceTree = "<group>"; };
		EA586F5727A7DB4B00F5A904 /* UIViewController+Extensions.swift */ = {isa = PBXFileReference; lastKnownFileType = sourcecode.swift; path = "UIViewController+Extensions.swift"; sourceTree = "<group>"; };
		EA586F5B27A7DCBB00F5A904 /* RouterImp.swift */ = {isa = PBXFileReference; lastKnownFileType = sourcecode.swift; path = RouterImp.swift; sourceTree = "<group>"; };
		EA586F5D27A7DCC600F5A904 /* Router.swift */ = {isa = PBXFileReference; lastKnownFileType = sourcecode.swift; path = Router.swift; sourceTree = "<group>"; };
		EAA1EA8427A7B1A000D6EAB1 /* Weather.app */ = {isa = PBXFileReference; explicitFileType = wrapper.application; includeInIndex = 0; path = Weather.app; sourceTree = BUILT_PRODUCTS_DIR; };
		EAA1EA8727A7B1A000D6EAB1 /* AppDelegate.swift */ = {isa = PBXFileReference; lastKnownFileType = sourcecode.swift; path = AppDelegate.swift; sourceTree = "<group>"; };
		EAA1EA9027A7B1A200D6EAB1 /* Assets.xcassets */ = {isa = PBXFileReference; lastKnownFileType = folder.assetcatalog; path = Assets.xcassets; sourceTree = "<group>"; };
		EAA1EA9327A7B1A200D6EAB1 /* Base */ = {isa = PBXFileReference; lastKnownFileType = file.storyboard; name = Base; path = Base.lproj/LaunchScreen.storyboard; sourceTree = "<group>"; };
		EAA1EA9527A7B1A200D6EAB1 /* Info.plist */ = {isa = PBXFileReference; lastKnownFileType = text.plist.xml; path = Info.plist; sourceTree = "<group>"; };
		EAA1EAA927A7B56E00D6EAB1 /* ru */ = {isa = PBXFileReference; lastKnownFileType = text.plist.strings; name = ru; path = ru.lproj/Localizable.strings; sourceTree = "<group>"; };
		EAA1EAAB27A7B9E400D6EAB1 /* R.generated.swift */ = {isa = PBXFileReference; fileEncoding = 4; lastKnownFileType = sourcecode.swift; path = R.generated.swift; sourceTree = "<group>"; };
		EAB99F5C27A7FE7100F2C4E9 /* Coordinator.swift */ = {isa = PBXFileReference; lastKnownFileType = sourcecode.swift; path = Coordinator.swift; sourceTree = "<group>"; };
		EAB99F5E27A7FE9A00F2C4E9 /* BaseCoordinator.swift */ = {isa = PBXFileReference; lastKnownFileType = sourcecode.swift; path = BaseCoordinator.swift; sourceTree = "<group>"; };
		EAB99F6127A8017D00F2C4E9 /* Location.swift */ = {isa = PBXFileReference; lastKnownFileType = sourcecode.swift; path = Location.swift; sourceTree = "<group>"; };
		EAB99F6327A8018600F2C4E9 /* City.swift */ = {isa = PBXFileReference; lastKnownFileType = sourcecode.swift; path = City.swift; sourceTree = "<group>"; };
		EAB99F6727A8032700F2C4E9 /* CityDetectionService.swift */ = {isa = PBXFileReference; lastKnownFileType = sourcecode.swift; path = CityDetectionService.swift; sourceTree = "<group>"; };
		EAB99F6927A8061200F2C4E9 /* DBCity.swift */ = {isa = PBXFileReference; lastKnownFileType = sourcecode.swift; path = DBCity.swift; sourceTree = "<group>"; };
		EAB99F6F27A8094100F2C4E9 /* DBLocation.swift */ = {isa = PBXFileReference; lastKnownFileType = sourcecode.swift; path = DBLocation.swift; sourceTree = "<group>"; };
/* End PBXFileReference section */

/* Begin PBXFrameworksBuildPhase section */
		EAA1EA8127A7B1A000D6EAB1 /* Frameworks */ = {
			isa = PBXFrameworksBuildPhase;
			buildActionMask = 2147483647;
			files = (
				EAA1EABE27A7BF1C00D6EAB1 /* SDWebImage in Frameworks */,
				EAA1EAB827A7BAD700D6EAB1 /* SVGKitSwift in Frameworks */,
				EAA1EAB527A7BAA500D6EAB1 /* Alamofire in Frameworks */,
				EAA1EAAF27A7BA7900D6EAB1 /* Rswift in Frameworks */,
				EAA1EABB27A7BB6900D6EAB1 /* RealmSwift in Frameworks */,
				EAA1EAB227A7BA9900D6EAB1 /* SnapKit in Frameworks */,
			);
			runOnlyForDeploymentPostprocessing = 0;
		};
/* End PBXFrameworksBuildPhase section */

/* Begin PBXGroup section */
		EA586F4327A7D69A00F5A904 /* Base */ = {
			isa = PBXGroup;
			children = (
				EA586F4527A7D6D900F5A904 /* Coordinator */,
				EA586F4627A7D6E300F5A904 /* Module */,
				EA586F5A27A7DCA900F5A904 /* Router */,
			);
			path = Base;
			sourceTree = "<group>";
		};
		EA586F4427A7D6AB00F5A904 /* Entities */ = {
			isa = PBXGroup;
			children = (
				EA586F4B27A7D75F00F5A904 /* Network */,
				EA586F4827A7D72500F5A904 /* DB */,
				EA586F4A27A7D75600F5A904 /* Plain */,
			);
			path = Entities;
			sourceTree = "<group>";
		};
		EA586F4527A7D6D900F5A904 /* Coordinator */ = {
			isa = PBXGroup;
			children = (
				EAB99F5C27A7FE7100F2C4E9 /* Coordinator.swift */,
				EAB99F5E27A7FE9A00F2C4E9 /* BaseCoordinator.swift */,
			);
			path = Coordinator;
			sourceTree = "<group>";
		};
		EA586F4627A7D6E300F5A904 /* Module */ = {
			isa = PBXGroup;
			children = (
				EA586F5527A7DB0E00F5A904 /* Module.swift */,
			);
			path = Module;
			sourceTree = "<group>";
		};
		EA586F4827A7D72500F5A904 /* DB */ = {
			isa = PBXGroup;
			children = (
				EAB99F6927A8061200F2C4E9 /* DBCity.swift */,
				EAB99F6F27A8094100F2C4E9 /* DBLocation.swift */,
			);
			path = DB;
			sourceTree = "<group>";
		};
		EA586F4A27A7D75600F5A904 /* Plain */ = {
			isa = PBXGroup;
			children = (
				EAB99F6027A8016F00F2C4E9 /* Common */,
			);
			path = Plain;
			sourceTree = "<group>";
		};
		EA586F4B27A7D75F00F5A904 /* Network */ = {
			isa = PBXGroup;
			children = (
			);
			path = Network;
			sourceTree = "<group>";
		};
		EA586F4C27A7D76B00F5A904 /* Extensions */ = {
			isa = PBXGroup;
			children = (
				EA586F5927A7DB6A00F5A904 /* UIKit */,
			);
			path = Extensions;
			sourceTree = "<group>";
		};
		EA586F4E27A7D78D00F5A904 /* Common */ = {
			isa = PBXGroup;
			children = (
			);
			path = Common;
			sourceTree = "<group>";
		};
		EA586F4F27A7D7A100F5A904 /* Scenes */ = {
			isa = PBXGroup;
			children = (
			);
			path = Scenes;
			sourceTree = "<group>";
		};
		EA586F5927A7DB6A00F5A904 /* UIKit */ = {
			isa = PBXGroup;
			children = (
				EA586F5727A7DB4B00F5A904 /* UIViewController+Extensions.swift */,
			);
			path = UIKit;
			sourceTree = "<group>";
		};
		EA586F5A27A7DCA900F5A904 /* Router */ = {
			isa = PBXGroup;
			children = (
				EA586F5D27A7DCC600F5A904 /* Router.swift */,
				EA586F5B27A7DCBB00F5A904 /* RouterImp.swift */,
			);
			path = Router;
			sourceTree = "<group>";
		};
		EAA1EA7B27A7B1A000D6EAB1 = {
			isa = PBXGroup;
			children = (
				EAA1EA8627A7B1A000D6EAB1 /* Source */,
				EAA1EA8527A7B1A000D6EAB1 /* Products */,
			);
			sourceTree = "<group>";
		};
		EAA1EA8527A7B1A000D6EAB1 /* Products */ = {
			isa = PBXGroup;
			children = (
				EAA1EA8427A7B1A000D6EAB1 /* Weather.app */,
			);
			name = Products;
			sourceTree = "<group>";
		};
		EAA1EA8627A7B1A000D6EAB1 /* Source */ = {
			isa = PBXGroup;
			children = (
				EAA1EA9E27A7B31000D6EAB1 /* App */,
				EAA1EABF27A7C2F700D6EAB1 /* Core */,
				EAA1EA9D27A7B30400D6EAB1 /* Resources */,
				EAA1EAC027A7C2FF00D6EAB1 /* Scenes */,
			);
			path = Source;
			sourceTree = "<group>";
		};
		EAA1EA9D27A7B30400D6EAB1 /* Resources */ = {
			isa = PBXGroup;
			children = (
				EAA1EAAB27A7B9E400D6EAB1 /* R.generated.swift */,
				EAA1EAAA27A7B56E00D6EAB1 /* Localizable.strings */,
				EAA1EA9027A7B1A200D6EAB1 /* Assets.xcassets */,
				EAA1EA9227A7B1A200D6EAB1 /* LaunchScreen.storyboard */,
				EAA1EA9527A7B1A200D6EAB1 /* Info.plist */,
			);
			path = Resources;
			sourceTree = "<group>";
		};
		EAA1EA9E27A7B31000D6EAB1 /* App */ = {
			isa = PBXGroup;
			children = (
				EAA1EA8727A7B1A000D6EAB1 /* AppDelegate.swift */,
			);
			path = App;
			sourceTree = "<group>";
		};
		EAA1EABF27A7C2F700D6EAB1 /* Core */ = {
			isa = PBXGroup;
			children = (
				EA586F4327A7D69A00F5A904 /* Base */,
				EAA1EAC227A7C39600D6EAB1 /* Components */,
				EA586F4427A7D6AB00F5A904 /* Entities */,
				EAA1EAC127A7C30E00D6EAB1 /* Services */,
				EAA1EAC327A7C39C00D6EAB1 /* SupportingFiles */,
			);
			path = Core;
			sourceTree = "<group>";
		};
		EAA1EAC027A7C2FF00D6EAB1 /* Scenes */ = {
			isa = PBXGroup;
			children = (
			);
			path = Scenes;
			sourceTree = "<group>";
		};
		EAA1EAC127A7C30E00D6EAB1 /* Services */ = {
			isa = PBXGroup;
			children = (
				EAB99F6627A8030600F2C4E9 /* Scenes */,
				EAB99F6527A802F500F2C4E9 /* Common */,
			);
			path = Services;
			sourceTree = "<group>";
		};
		EAA1EAC227A7C39600D6EAB1 /* Components */ = {
			isa = PBXGroup;
			children = (
				EA586F4F27A7D7A100F5A904 /* Scenes */,
				EA586F4E27A7D78D00F5A904 /* Common */,
			);
			path = Components;
			sourceTree = "<group>";
		};
		EAA1EAC327A7C39C00D6EAB1 /* SupportingFiles */ = {
			isa = PBXGroup;
			children = (
				EA586F4C27A7D76B00F5A904 /* Extensions */,
			);
			path = SupportingFiles;
			sourceTree = "<group>";
		};
		EAB99F6027A8016F00F2C4E9 /* Common */ = {
			isa = PBXGroup;
			children = (
				EAB99F6127A8017D00F2C4E9 /* Location.swift */,
				EAB99F6327A8018600F2C4E9 /* City.swift */,
			);
			path = Common;
			sourceTree = "<group>";
		};
		EAB99F6527A802F500F2C4E9 /* Common */ = {
			isa = PBXGroup;
			children = (
				EAB99F6727A8032700F2C4E9 /* CityDetectionService.swift */,
			);
			path = Common;
			sourceTree = "<group>";
		};
		EAB99F6627A8030600F2C4E9 /* Scenes */ = {
			isa = PBXGroup;
			children = (
			);
			path = Scenes;
			sourceTree = "<group>";
		};
/* End PBXGroup section */

/* Begin PBXNativeTarget section */
		EAA1EA8327A7B1A000D6EAB1 /* Weather */ = {
			isa = PBXNativeTarget;
			buildConfigurationList = EAA1EA9827A7B1A200D6EAB1 /* Build configuration list for PBXNativeTarget "Weather" */;
			buildPhases = (
				EAA1EAA227A7B4B400D6EAB1 /* SwiftLint */,
				EAA1EAA327A7B4EA00D6EAB1 /* R.swift */,
				EAA1EA8027A7B1A000D6EAB1 /* Sources */,
				EAA1EA8127A7B1A000D6EAB1 /* Frameworks */,
				EAA1EA8227A7B1A000D6EAB1 /* Resources */,
			);
			buildRules = (
			);
			dependencies = (
			);
			name = Weather;
			packageProductDependencies = (
				EAA1EAAE27A7BA7900D6EAB1 /* Rswift */,
				EAA1EAB127A7BA9900D6EAB1 /* SnapKit */,
				EAA1EAB427A7BAA500D6EAB1 /* Alamofire */,
				EAA1EAB727A7BAD700D6EAB1 /* SVGKitSwift */,
				EAA1EABA27A7BB6900D6EAB1 /* RealmSwift */,
				EAA1EABD27A7BF1C00D6EAB1 /* SDWebImage */,
			);
			productName = Weather;
			productReference = EAA1EA8427A7B1A000D6EAB1 /* Weather.app */;
			productType = "com.apple.product-type.application";
		};
/* End PBXNativeTarget section */

/* Begin PBXProject section */
		EAA1EA7C27A7B1A000D6EAB1 /* Project object */ = {
			isa = PBXProject;
			attributes = {
				BuildIndependentTargetsInParallel = 1;
				LastSwiftUpdateCheck = 1320;
				LastUpgradeCheck = 1320;
				TargetAttributes = {
					EAA1EA8327A7B1A000D6EAB1 = {
						CreatedOnToolsVersion = 13.2.1;
					};
				};
			};
			buildConfigurationList = EAA1EA7F27A7B1A000D6EAB1 /* Build configuration list for PBXProject "Weather" */;
			compatibilityVersion = "Xcode 13.0";
			developmentRegion = ru;
			hasScannedForEncodings = 0;
			knownRegions = (
				ru,
				Base,
			);
			mainGroup = EAA1EA7B27A7B1A000D6EAB1;
			packageReferences = (
				EAA1EAAD27A7BA7900D6EAB1 /* XCRemoteSwiftPackageReference "R.swift" */,
				EAA1EAB027A7BA9900D6EAB1 /* XCRemoteSwiftPackageReference "SnapKit" */,
				EAA1EAB327A7BAA500D6EAB1 /* XCRemoteSwiftPackageReference "Alamofire" */,
				EAA1EAB627A7BAD700D6EAB1 /* XCRemoteSwiftPackageReference "SVGKit" */,
				EAA1EAB927A7BB6900D6EAB1 /* XCRemoteSwiftPackageReference "realm-swift" */,
				EAA1EABC27A7BF1C00D6EAB1 /* XCRemoteSwiftPackageReference "SDWebImage" */,
			);
			productRefGroup = EAA1EA8527A7B1A000D6EAB1 /* Products */;
			projectDirPath = "";
			projectRoot = "";
			targets = (
				EAA1EA8327A7B1A000D6EAB1 /* Weather */,
			);
		};
/* End PBXProject section */

/* Begin PBXResourcesBuildPhase section */
		EAA1EA8227A7B1A000D6EAB1 /* Resources */ = {
			isa = PBXResourcesBuildPhase;
			buildActionMask = 2147483647;
			files = (
				EAA1EA9427A7B1A200D6EAB1 /* LaunchScreen.storyboard in Resources */,
				EAA1EAA827A7B56E00D6EAB1 /* Localizable.strings in Resources */,
				EAA1EA9127A7B1A200D6EAB1 /* Assets.xcassets in Resources */,
			);
			runOnlyForDeploymentPostprocessing = 0;
		};
/* End PBXResourcesBuildPhase section */

/* Begin PBXShellScriptBuildPhase section */
		EAA1EAA227A7B4B400D6EAB1 /* SwiftLint */ = {
			isa = PBXShellScriptBuildPhase;
			buildActionMask = 2147483647;
			files = (
			);
			inputFileListPaths = (
			);
			inputPaths = (
			);
			name = SwiftLint;
			outputFileListPaths = (
			);
			outputPaths = (
			);
			runOnlyForDeploymentPostprocessing = 0;
			shellPath = /bin/sh;
			shellScript = "export PATH=\"$PATH:/opt/homebrew/bin\"\n\nif which swiftlint >/dev/null; then\n  swiftlint\nelse\n  echo \"warning: SwiftLint not installed, download from https://github.com/realm/SwiftLint\"\nfi\n";
		};
		EAA1EAA327A7B4EA00D6EAB1 /* R.swift */ = {
			isa = PBXShellScriptBuildPhase;
			alwaysOutOfDate = 1;
			buildActionMask = 2147483647;
			files = (
			);
			inputFileListPaths = (
			);
			inputPaths = (
			);
			name = R.swift;
			outputFileListPaths = (
			);
			outputPaths = (
				$SRCROOT/Source/Resources/R.generated.swift,
			);
			runOnlyForDeploymentPostprocessing = 0;
			shellPath = /bin/sh;
			shellScript = "\"$SRCROOT/tools/rswift\" generate \"$SRCROOT/Source/Resources/R.generated.swift\"\n";
		};
/* End PBXShellScriptBuildPhase section */

/* Begin PBXSourcesBuildPhase section */
		EAA1EA8027A7B1A000D6EAB1 /* Sources */ = {
			isa = PBXSourcesBuildPhase;
			buildActionMask = 2147483647;
			files = (
				EA586F5827A7DB4B00F5A904 /* UIViewController+Extensions.swift in Sources */,
				EAA1EA8827A7B1A000D6EAB1 /* AppDelegate.swift in Sources */,
				EAA1EAAC27A7B9E400D6EAB1 /* R.generated.swift in Sources */,
				EAB99F6A27A8061200F2C4E9 /* DBCity.swift in Sources */,
				EAB99F7027A8094100F2C4E9 /* DBLocation.swift in Sources */,
				EA586F5C27A7DCBB00F5A904 /* RouterImp.swift in Sources */,
				EAB99F6227A8017D00F2C4E9 /* Location.swift in Sources */,
				EA586F5E27A7DCC600F5A904 /* Router.swift in Sources */,
				EAB99F6427A8018600F2C4E9 /* City.swift in Sources */,
				EA586F5627A7DB0E00F5A904 /* Module.swift in Sources */,
				EAB99F6827A8032700F2C4E9 /* CityDetectionService.swift in Sources */,
				EAB99F5D27A7FE7100F2C4E9 /* Coordinator.swift in Sources */,
				EAB99F5F27A7FE9A00F2C4E9 /* BaseCoordinator.swift in Sources */,
			);
			runOnlyForDeploymentPostprocessing = 0;
		};
/* End PBXSourcesBuildPhase section */

/* Begin PBXVariantGroup section */
		EAA1EA9227A7B1A200D6EAB1 /* LaunchScreen.storyboard */ = {
			isa = PBXVariantGroup;
			children = (
				EAA1EA9327A7B1A200D6EAB1 /* Base */,
			);
			name = LaunchScreen.storyboard;
			sourceTree = "<group>";
		};
		EAA1EAAA27A7B56E00D6EAB1 /* Localizable.strings */ = {
			isa = PBXVariantGroup;
			children = (
				EAA1EAA927A7B56E00D6EAB1 /* ru */,
			);
			name = Localizable.strings;
			sourceTree = "<group>";
		};
/* End PBXVariantGroup section */

/* Begin XCBuildConfiguration section */
		EAA1EA9627A7B1A200D6EAB1 /* Debug */ = {
			isa = XCBuildConfiguration;
			buildSettings = {
				ALWAYS_SEARCH_USER_PATHS = NO;
				CLANG_ANALYZER_NONNULL = YES;
				CLANG_ANALYZER_NUMBER_OBJECT_CONVERSION = YES_AGGRESSIVE;
				CLANG_CXX_LANGUAGE_STANDARD = "gnu++17";
				CLANG_CXX_LIBRARY = "libc++";
				CLANG_ENABLE_MODULES = YES;
				CLANG_ENABLE_OBJC_ARC = YES;
				CLANG_ENABLE_OBJC_WEAK = YES;
				CLANG_WARN_BLOCK_CAPTURE_AUTORELEASING = YES;
				CLANG_WARN_BOOL_CONVERSION = YES;
				CLANG_WARN_COMMA = YES;
				CLANG_WARN_CONSTANT_CONVERSION = YES;
				CLANG_WARN_DEPRECATED_OBJC_IMPLEMENTATIONS = YES;
				CLANG_WARN_DIRECT_OBJC_ISA_USAGE = YES_ERROR;
				CLANG_WARN_DOCUMENTATION_COMMENTS = YES;
				CLANG_WARN_EMPTY_BODY = YES;
				CLANG_WARN_ENUM_CONVERSION = YES;
				CLANG_WARN_INFINITE_RECURSION = YES;
				CLANG_WARN_INT_CONVERSION = YES;
				CLANG_WARN_NON_LITERAL_NULL_CONVERSION = YES;
				CLANG_WARN_OBJC_IMPLICIT_RETAIN_SELF = YES;
				CLANG_WARN_OBJC_LITERAL_CONVERSION = YES;
				CLANG_WARN_OBJC_ROOT_CLASS = YES_ERROR;
				CLANG_WARN_QUOTED_INCLUDE_IN_FRAMEWORK_HEADER = YES;
				CLANG_WARN_RANGE_LOOP_ANALYSIS = YES;
				CLANG_WARN_STRICT_PROTOTYPES = YES;
				CLANG_WARN_SUSPICIOUS_MOVE = YES;
				CLANG_WARN_UNGUARDED_AVAILABILITY = YES_AGGRESSIVE;
				CLANG_WARN_UNREACHABLE_CODE = YES;
				CLANG_WARN__DUPLICATE_METHOD_MATCH = YES;
				COPY_PHASE_STRIP = NO;
				DEBUG_INFORMATION_FORMAT = dwarf;
				ENABLE_STRICT_OBJC_MSGSEND = YES;
				ENABLE_TESTABILITY = YES;
				GCC_C_LANGUAGE_STANDARD = gnu11;
				GCC_DYNAMIC_NO_PIC = NO;
				GCC_NO_COMMON_BLOCKS = YES;
				GCC_OPTIMIZATION_LEVEL = 0;
				GCC_PREPROCESSOR_DEFINITIONS = (
					"DEBUG=1",
					"$(inherited)",
				);
				GCC_WARN_64_TO_32_BIT_CONVERSION = YES;
				GCC_WARN_ABOUT_RETURN_TYPE = YES_ERROR;
				GCC_WARN_UNDECLARED_SELECTOR = YES;
				GCC_WARN_UNINITIALIZED_AUTOS = YES_AGGRESSIVE;
				GCC_WARN_UNUSED_FUNCTION = YES;
				GCC_WARN_UNUSED_VARIABLE = YES;
				IPHONEOS_DEPLOYMENT_TARGET = 13.0;
				MTL_ENABLE_DEBUG_INFO = INCLUDE_SOURCE;
				MTL_FAST_MATH = YES;
				ONLY_ACTIVE_ARCH = YES;
				SDKROOT = iphoneos;
				SWIFT_ACTIVE_COMPILATION_CONDITIONS = DEBUG;
				SWIFT_OPTIMIZATION_LEVEL = "-Onone";
			};
			name = Debug;
		};
		EAA1EA9727A7B1A200D6EAB1 /* Release */ = {
			isa = XCBuildConfiguration;
			buildSettings = {
				ALWAYS_SEARCH_USER_PATHS = NO;
				CLANG_ANALYZER_NONNULL = YES;
				CLANG_ANALYZER_NUMBER_OBJECT_CONVERSION = YES_AGGRESSIVE;
				CLANG_CXX_LANGUAGE_STANDARD = "gnu++17";
				CLANG_CXX_LIBRARY = "libc++";
				CLANG_ENABLE_MODULES = YES;
				CLANG_ENABLE_OBJC_ARC = YES;
				CLANG_ENABLE_OBJC_WEAK = YES;
				CLANG_WARN_BLOCK_CAPTURE_AUTORELEASING = YES;
				CLANG_WARN_BOOL_CONVERSION = YES;
				CLANG_WARN_COMMA = YES;
				CLANG_WARN_CONSTANT_CONVERSION = YES;
				CLANG_WARN_DEPRECATED_OBJC_IMPLEMENTATIONS = YES;
				CLANG_WARN_DIRECT_OBJC_ISA_USAGE = YES_ERROR;
				CLANG_WARN_DOCUMENTATION_COMMENTS = YES;
				CLANG_WARN_EMPTY_BODY = YES;
				CLANG_WARN_ENUM_CONVERSION = YES;
				CLANG_WARN_INFINITE_RECURSION = YES;
				CLANG_WARN_INT_CONVERSION = YES;
				CLANG_WARN_NON_LITERAL_NULL_CONVERSION = YES;
				CLANG_WARN_OBJC_IMPLICIT_RETAIN_SELF = YES;
				CLANG_WARN_OBJC_LITERAL_CONVERSION = YES;
				CLANG_WARN_OBJC_ROOT_CLASS = YES_ERROR;
				CLANG_WARN_QUOTED_INCLUDE_IN_FRAMEWORK_HEADER = YES;
				CLANG_WARN_RANGE_LOOP_ANALYSIS = YES;
				CLANG_WARN_STRICT_PROTOTYPES = YES;
				CLANG_WARN_SUSPICIOUS_MOVE = YES;
				CLANG_WARN_UNGUARDED_AVAILABILITY = YES_AGGRESSIVE;
				CLANG_WARN_UNREACHABLE_CODE = YES;
				CLANG_WARN__DUPLICATE_METHOD_MATCH = YES;
				COPY_PHASE_STRIP = NO;
				DEBUG_INFORMATION_FORMAT = "dwarf-with-dsym";
				ENABLE_NS_ASSERTIONS = NO;
				ENABLE_STRICT_OBJC_MSGSEND = YES;
				GCC_C_LANGUAGE_STANDARD = gnu11;
				GCC_NO_COMMON_BLOCKS = YES;
				GCC_WARN_64_TO_32_BIT_CONVERSION = YES;
				GCC_WARN_ABOUT_RETURN_TYPE = YES_ERROR;
				GCC_WARN_UNDECLARED_SELECTOR = YES;
				GCC_WARN_UNINITIALIZED_AUTOS = YES_AGGRESSIVE;
				GCC_WARN_UNUSED_FUNCTION = YES;
				GCC_WARN_UNUSED_VARIABLE = YES;
				IPHONEOS_DEPLOYMENT_TARGET = 13.0;
				MTL_ENABLE_DEBUG_INFO = NO;
				MTL_FAST_MATH = YES;
				SDKROOT = iphoneos;
				SWIFT_COMPILATION_MODE = wholemodule;
				SWIFT_OPTIMIZATION_LEVEL = "-O";
				VALIDATE_PRODUCT = YES;
			};
			name = Release;
		};
		EAA1EA9927A7B1A200D6EAB1 /* Debug */ = {
			isa = XCBuildConfiguration;
			buildSettings = {
				ASSETCATALOG_COMPILER_APPICON_NAME = AppIcon;
				ASSETCATALOG_COMPILER_GLOBAL_ACCENT_COLOR_NAME = AccentColor;
				CODE_SIGN_STYLE = Automatic;
				CURRENT_PROJECT_VERSION = 1;
				DEVELOPMENT_TEAM = 7VZ6PWWYZ5;
				GENERATE_INFOPLIST_FILE = YES;
				INFOPLIST_FILE = Source/Resources/Info.plist;
				INFOPLIST_KEY_UIApplicationSupportsIndirectInputEvents = YES;
				INFOPLIST_KEY_UILaunchStoryboardName = LaunchScreen;
				INFOPLIST_KEY_UIMainStoryboardFile = LaunchScreen;
				INFOPLIST_KEY_UISupportedInterfaceOrientations = UIInterfaceOrientationPortrait;
				INFOPLIST_KEY_UISupportedInterfaceOrientations_iPad = "UIInterfaceOrientationPortrait UIInterfaceOrientationPortraitUpsideDown UIInterfaceOrientationLandscapeLeft UIInterfaceOrientationLandscapeRight";
				INFOPLIST_KEY_UISupportedInterfaceOrientations_iPhone = "UIInterfaceOrientationPortrait UIInterfaceOrientationLandscapeLeft UIInterfaceOrientationLandscapeRight";
				IPHONEOS_DEPLOYMENT_TARGET = 13.0;
				LD_RUNPATH_SEARCH_PATHS = (
					"$(inherited)",
					"@executable_path/Frameworks",
				);
				MARKETING_VERSION = 1.0;
				PRODUCT_BUNDLE_IDENTIFIER = "com.era-wq.weather.ios";
				PRODUCT_NAME = "$(TARGET_NAME)";
				SWIFT_EMIT_LOC_STRINGS = YES;
				SWIFT_VERSION = 5.0;
				TARGETED_DEVICE_FAMILY = 1;
			};
			name = Debug;
		};
		EAA1EA9A27A7B1A200D6EAB1 /* Release */ = {
			isa = XCBuildConfiguration;
			buildSettings = {
				ASSETCATALOG_COMPILER_APPICON_NAME = AppIcon;
				ASSETCATALOG_COMPILER_GLOBAL_ACCENT_COLOR_NAME = AccentColor;
				CODE_SIGN_STYLE = Automatic;
				CURRENT_PROJECT_VERSION = 1;
				DEVELOPMENT_TEAM = 7VZ6PWWYZ5;
				GENERATE_INFOPLIST_FILE = YES;
				INFOPLIST_FILE = Source/Resources/Info.plist;
				INFOPLIST_KEY_UIApplicationSupportsIndirectInputEvents = YES;
				INFOPLIST_KEY_UILaunchStoryboardName = LaunchScreen;
				INFOPLIST_KEY_UIMainStoryboardFile = LaunchScreen;
				INFOPLIST_KEY_UISupportedInterfaceOrientations = UIInterfaceOrientationPortrait;
				INFOPLIST_KEY_UISupportedInterfaceOrientations_iPad = "UIInterfaceOrientationPortrait UIInterfaceOrientationPortraitUpsideDown UIInterfaceOrientationLandscapeLeft UIInterfaceOrientationLandscapeRight";
				INFOPLIST_KEY_UISupportedInterfaceOrientations_iPhone = "UIInterfaceOrientationPortrait UIInterfaceOrientationLandscapeLeft UIInterfaceOrientationLandscapeRight";
				IPHONEOS_DEPLOYMENT_TARGET = 13.0;
				LD_RUNPATH_SEARCH_PATHS = (
					"$(inherited)",
					"@executable_path/Frameworks",
				);
				MARKETING_VERSION = 1.0;
				PRODUCT_BUNDLE_IDENTIFIER = "com.era-wq.weather.ios";
				PRODUCT_NAME = "$(TARGET_NAME)";
				SWIFT_EMIT_LOC_STRINGS = YES;
				SWIFT_VERSION = 5.0;
				TARGETED_DEVICE_FAMILY = 1;
			};
			name = Release;
		};
/* End XCBuildConfiguration section */

/* Begin XCConfigurationList section */
		EAA1EA7F27A7B1A000D6EAB1 /* Build configuration list for PBXProject "Weather" */ = {
			isa = XCConfigurationList;
			buildConfigurations = (
				EAA1EA9627A7B1A200D6EAB1 /* Debug */,
				EAA1EA9727A7B1A200D6EAB1 /* Release */,
			);
			defaultConfigurationIsVisible = 0;
			defaultConfigurationName = Release;
		};
		EAA1EA9827A7B1A200D6EAB1 /* Build configuration list for PBXNativeTarget "Weather" */ = {
			isa = XCConfigurationList;
			buildConfigurations = (
				EAA1EA9927A7B1A200D6EAB1 /* Debug */,
				EAA1EA9A27A7B1A200D6EAB1 /* Release */,
			);
			defaultConfigurationIsVisible = 0;
			defaultConfigurationName = Release;
		};
/* End XCConfigurationList section */

/* Begin XCRemoteSwiftPackageReference section */
		EAA1EAAD27A7BA7900D6EAB1 /* XCRemoteSwiftPackageReference "R.swift" */ = {
			isa = XCRemoteSwiftPackageReference;
			repositoryURL = "https://github.com/mac-cain13/R.swift.Library";
			requirement = {
				kind = upToNextMajorVersion;
				minimumVersion = 5.4.0;
			};
		};
		EAA1EAB027A7BA9900D6EAB1 /* XCRemoteSwiftPackageReference "SnapKit" */ = {
			isa = XCRemoteSwiftPackageReference;
			repositoryURL = "https://github.com/SnapKit/SnapKit";
			requirement = {
				kind = upToNextMajorVersion;
				minimumVersion = 5.0.0;
			};
		};
		EAA1EAB327A7BAA500D6EAB1 /* XCRemoteSwiftPackageReference "Alamofire" */ = {
			isa = XCRemoteSwiftPackageReference;
			repositoryURL = "https://github.com/Alamofire/Alamofire";
			requirement = {
				kind = upToNextMajorVersion;
				minimumVersion = 5.0.0;
			};
		};
		EAA1EAB627A7BAD700D6EAB1 /* XCRemoteSwiftPackageReference "SVGKit" */ = {
			isa = XCRemoteSwiftPackageReference;
			repositoryURL = "https://github.com/SVGKit/SVGKit";
			requirement = {
				kind = upToNextMajorVersion;
				minimumVersion = 3.0.0;
			};
		};
		EAA1EAB927A7BB6900D6EAB1 /* XCRemoteSwiftPackageReference "realm-swift" */ = {
			isa = XCRemoteSwiftPackageReference;
			repositoryURL = "https://github.com/realm/realm-swift";
			requirement = {
				kind = upToNextMajorVersion;
				minimumVersion = 10.22.0;
			};
		};
		EAA1EABC27A7BF1C00D6EAB1 /* XCRemoteSwiftPackageReference "SDWebImage" */ = {
			isa = XCRemoteSwiftPackageReference;
			repositoryURL = "https://github.com/SDWebImage/SDWebImage";
			requirement = {
				kind = upToNextMajorVersion;
				minimumVersion = 5.0.0;
			};
		};
/* End XCRemoteSwiftPackageReference section */

/* Begin XCSwiftPackageProductDependency section */
		EAA1EAAE27A7BA7900D6EAB1 /* Rswift */ = {
			isa = XCSwiftPackageProductDependency;
			package = EAA1EAAD27A7BA7900D6EAB1 /* XCRemoteSwiftPackageReference "R.swift" */;
			productName = Rswift;
		};
		EAA1EAB127A7BA9900D6EAB1 /* SnapKit */ = {
			isa = XCSwiftPackageProductDependency;
			package = EAA1EAB027A7BA9900D6EAB1 /* XCRemoteSwiftPackageReference "SnapKit" */;
			productName = SnapKit;
		};
		EAA1EAB427A7BAA500D6EAB1 /* Alamofire */ = {
			isa = XCSwiftPackageProductDependency;
			package = EAA1EAB327A7BAA500D6EAB1 /* XCRemoteSwiftPackageReference "Alamofire" */;
			productName = Alamofire;
		};
		EAA1EAB727A7BAD700D6EAB1 /* SVGKitSwift */ = {
			isa = XCSwiftPackageProductDependency;
			package = EAA1EAB627A7BAD700D6EAB1 /* XCRemoteSwiftPackageReference "SVGKit" */;
			productName = SVGKitSwift;
		};
		EAA1EABA27A7BB6900D6EAB1 /* RealmSwift */ = {
			isa = XCSwiftPackageProductDependency;
			package = EAA1EAB927A7BB6900D6EAB1 /* XCRemoteSwiftPackageReference "realm-swift" */;
			productName = RealmSwift;
		};
		EAA1EABD27A7BF1C00D6EAB1 /* SDWebImage */ = {
			isa = XCSwiftPackageProductDependency;
			package = EAA1EABC27A7BF1C00D6EAB1 /* XCRemoteSwiftPackageReference "SDWebImage" */;
			productName = SDWebImage;
		};
/* End XCSwiftPackageProductDependency section */
	};
	rootObject = EAA1EA7C27A7B1A000D6EAB1 /* Project object */;
}
