// !$*UTF8*$!
{
	archiveVersion = 1;
	classes = {
	};
	objectVersion = 55;
	objects = {

/* Begin PBXBuildFile section */
		EA586F5627A7DB0E00F5A904 /* Module.swift in Sources */ = {isa = PBXBuildFile; fileRef = EA586F5527A7DB0E00F5A904 /* Module.swift */; };
		EA586F5827A7DB4B00F5A904 /* UIViewController+Extensions.swift in Sources */ = {isa = PBXBuildFile; fileRef = EA586F5727A7DB4B00F5A904 /* UIViewController+Extensions.swift */; };
		EA586F5C27A7DCBB00F5A904 /* RouterImp.swift in Sources */ = {isa = PBXBuildFile; fileRef = EA586F5B27A7DCBB00F5A904 /* RouterImp.swift */; };
		EA586F5E27A7DCC600F5A904 /* Router.swift in Sources */ = {isa = PBXBuildFile; fileRef = EA586F5D27A7DCC600F5A904 /* Router.swift */; };
		EAA1EA8827A7B1A000D6EAB1 /* AppDelegate.swift in Sources */ = {isa = PBXBuildFile; fileRef = EAA1EA8727A7B1A000D6EAB1 /* AppDelegate.swift */; };
		EAA1EA9127A7B1A200D6EAB1 /* Assets.xcassets in Resources */ = {isa = PBXBuildFile; fileRef = EAA1EA9027A7B1A200D6EAB1 /* Assets.xcassets */; };
		EAA1EA9427A7B1A200D6EAB1 /* LaunchScreen.storyboard in Resources */ = {isa = PBXBuildFile; fileRef = EAA1EA9227A7B1A200D6EAB1 /* LaunchScreen.storyboard */; };
		EAA1EAA827A7B56E00D6EAB1 /* Localizable.strings in Resources */ = {isa = PBXBuildFile; fileRef = EAA1EAAA27A7B56E00D6EAB1 /* Localizable.strings */; };
		EAA1EAAC27A7B9E400D6EAB1 /* R.generated.swift in Sources */ = {isa = PBXBuildFile; fileRef = EAA1EAAB27A7B9E400D6EAB1 /* R.generated.swift */; };
		EAA1EAAF27A7BA7900D6EAB1 /* Rswift in Frameworks */ = {isa = PBXBuildFile; productRef = EAA1EAAE27A7BA7900D6EAB1 /* Rswift */; };
		EAA1EAB227A7BA9900D6EAB1 /* SnapKit in Frameworks */ = {isa = PBXBuildFile; productRef = EAA1EAB127A7BA9900D6EAB1 /* SnapKit */; };
		EAA1EAB527A7BAA500D6EAB1 /* Alamofire in Frameworks */ = {isa = PBXBuildFile; productRef = EAA1EAB427A7BAA500D6EAB1 /* Alamofire */; };
		EAA1EAB827A7BAD700D6EAB1 /* SVGKitSwift in Frameworks */ = {isa = PBXBuildFile; productRef = EAA1EAB727A7BAD700D6EAB1 /* SVGKitSwift */; };
		EAA1EABB27A7BB6900D6EAB1 /* RealmSwift in Frameworks */ = {isa = PBXBuildFile; productRef = EAA1EABA27A7BB6900D6EAB1 /* RealmSwift */; };
		EAA4A2C227A9924E00B60435 /* DatabaseChanges.swift in Sources */ = {isa = PBXBuildFile; fileRef = EAA4A2C127A9924E00B60435 /* DatabaseChanges.swift */; };
		EAB99F5D27A7FE7100F2C4E9 /* Coordinator.swift in Sources */ = {isa = PBXBuildFile; fileRef = EAB99F5C27A7FE7100F2C4E9 /* Coordinator.swift */; };
		EAB99F5F27A7FE9A00F2C4E9 /* BaseCoordinator.swift in Sources */ = {isa = PBXBuildFile; fileRef = EAB99F5E27A7FE9A00F2C4E9 /* BaseCoordinator.swift */; };
		EAB99F6227A8017D00F2C4E9 /* Location.swift in Sources */ = {isa = PBXBuildFile; fileRef = EAB99F6127A8017D00F2C4E9 /* Location.swift */; };
		EAB99F6427A8018600F2C4E9 /* City.swift in Sources */ = {isa = PBXBuildFile; fileRef = EAB99F6327A8018600F2C4E9 /* City.swift */; };
		EAB99F6827A8032700F2C4E9 /* CitiesFetchService.swift in Sources */ = {isa = PBXBuildFile; fileRef = EAB99F6727A8032700F2C4E9 /* CitiesFetchService.swift */; };
		EAB99F6A27A8061200F2C4E9 /* DBCity.swift in Sources */ = {isa = PBXBuildFile; fileRef = EAB99F6927A8061200F2C4E9 /* DBCity.swift */; };
		EAB99F7027A8094100F2C4E9 /* DBLocation.swift in Sources */ = {isa = PBXBuildFile; fileRef = EAB99F6F27A8094100F2C4E9 /* DBLocation.swift */; };
		EAB99F7427A80CE100F2C4E9 /* AppCoordinator.swift in Sources */ = {isa = PBXBuildFile; fileRef = EAB99F7327A80CE100F2C4E9 /* AppCoordinator.swift */; };
		EAB99F7727A80CF600F2C4E9 /* AppCoordinatorImp.swift in Sources */ = {isa = PBXBuildFile; fileRef = EAB99F7627A80CF600F2C4E9 /* AppCoordinatorImp.swift */; };
		EAB99F7927A80D0100F2C4E9 /* AppCoordinatorAssembly.swift in Sources */ = {isa = PBXBuildFile; fileRef = EAB99F7827A80D0100F2C4E9 /* AppCoordinatorAssembly.swift */; };
		EAB99F8227A8110700F2C4E9 /* DIContainer.swift in Sources */ = {isa = PBXBuildFile; fileRef = EAB99F8127A8110700F2C4E9 /* DIContainer.swift */; };
		EAB99F8727A8137A00F2C4E9 /* CitySelectionCoordinatorAssembly.swift in Sources */ = {isa = PBXBuildFile; fileRef = EAB99F8627A8137A00F2C4E9 /* CitySelectionCoordinatorAssembly.swift */; };
		EAB99F8927A813C400F2C4E9 /* CitySelectionCoordinator.swift in Sources */ = {isa = PBXBuildFile; fileRef = EAB99F8827A813C400F2C4E9 /* CitySelectionCoordinator.swift */; };
		EAB99F8F27A815D100F2C4E9 /* CityChoosingViewInput.swift in Sources */ = {isa = PBXBuildFile; fileRef = EAB99F8E27A815D100F2C4E9 /* CityChoosingViewInput.swift */; };
		EAB99F9127A815DA00F2C4E9 /* CityChoosingViewOutput.swift in Sources */ = {isa = PBXBuildFile; fileRef = EAB99F9027A815DA00F2C4E9 /* CityChoosingViewOutput.swift */; };
		EAB99F9327A815E200F2C4E9 /* CityChoosingView.swift in Sources */ = {isa = PBXBuildFile; fileRef = EAB99F9227A815E200F2C4E9 /* CityChoosingView.swift */; };
		EAB99F9627A816F500F2C4E9 /* BaseViewController.swift in Sources */ = {isa = PBXBuildFile; fileRef = EAB99F9527A816F500F2C4E9 /* BaseViewController.swift */; };
		EAB99F9827A8175900F2C4E9 /* UIConfigurable.swift in Sources */ = {isa = PBXBuildFile; fileRef = EAB99F9727A8175900F2C4E9 /* UIConfigurable.swift */; };
		EAB99F9A27A818B500F2C4E9 /* CityChoosingModuleOutput.swift in Sources */ = {isa = PBXBuildFile; fileRef = EAB99F9927A818B500F2C4E9 /* CityChoosingModuleOutput.swift */; };
		EAB99F9C27A818C200F2C4E9 /* CityChoosingModuleInput.swift in Sources */ = {isa = PBXBuildFile; fileRef = EAB99F9B27A818C200F2C4E9 /* CityChoosingModuleInput.swift */; };
		EAB99F9E27A818D600F2C4E9 /* CityChoosingPresenter.swift in Sources */ = {isa = PBXBuildFile; fileRef = EAB99F9D27A818D600F2C4E9 /* CityChoosingPresenter.swift */; };
		EAB99FA027A81A0200F2C4E9 /* CityChoosingInteractorInput.swift in Sources */ = {isa = PBXBuildFile; fileRef = EAB99F9F27A81A0100F2C4E9 /* CityChoosingInteractorInput.swift */; };
		EAB99FA227A81A0900F2C4E9 /* CityChoosingInteractorOutput.swift in Sources */ = {isa = PBXBuildFile; fileRef = EAB99FA127A81A0900F2C4E9 /* CityChoosingInteractorOutput.swift */; };
		EAB99FA427A81A1000F2C4E9 /* CityChoosingInteractor.swift in Sources */ = {isa = PBXBuildFile; fileRef = EAB99FA327A81A1000F2C4E9 /* CityChoosingInteractor.swift */; };
		EAB99FA727A81D5300F2C4E9 /* CityChoosingModuleAssembly.swift in Sources */ = {isa = PBXBuildFile; fileRef = EAB99FA627A81D5300F2C4E9 /* CityChoosingModuleAssembly.swift */; };
		EAB99FAA27A81E5B00F2C4E9 /* CityChoosingTableViewAdapter.swift in Sources */ = {isa = PBXBuildFile; fileRef = EAB99FA927A81E5B00F2C4E9 /* CityChoosingTableViewAdapter.swift */; };
		EAB99FAC27A81ED900F2C4E9 /* UITableView+Extensions.swift in Sources */ = {isa = PBXBuildFile; fileRef = EAB99FAB27A81ED900F2C4E9 /* UITableView+Extensions.swift */; };
		EAB99FAE27A81EF900F2C4E9 /* UITableViewCell+Extensions.swift in Sources */ = {isa = PBXBuildFile; fileRef = EAB99FAD27A81EF900F2C4E9 /* UITableViewCell+Extensions.swift */; };
		EAB99FB027A81F1000F2C4E9 /* UITableHeaderFooterView+Extensions.swift in Sources */ = {isa = PBXBuildFile; fileRef = EAB99FAF27A81F1000F2C4E9 /* UITableHeaderFooterView+Extensions.swift */; };
		EAB99FB227A8200C00F2C4E9 /* CityTableViewCell.swift in Sources */ = {isa = PBXBuildFile; fileRef = EAB99FB127A8200C00F2C4E9 /* CityTableViewCell.swift */; };
		EAB99FB627A821DE00F2C4E9 /* Previews.swift in Sources */ = {isa = PBXBuildFile; fileRef = EAB99FB527A821DE00F2C4E9 /* Previews.swift */; };
		EAB99FB827A824B600F2C4E9 /* CellResolver.swift in Sources */ = {isa = PBXBuildFile; fileRef = EAB99FB727A824B600F2C4E9 /* CellResolver.swift */; };
		EAB99FBA27A8336A00F2C4E9 /* DatabaseService.swift in Sources */ = {isa = PBXBuildFile; fileRef = EAB99FB927A8336A00F2C4E9 /* DatabaseService.swift */; };
		EAB99FC127A8FEAF00F2C4E9 /* ForecastCoordinator.swift in Sources */ = {isa = PBXBuildFile; fileRef = EAB99FC027A8FEAF00F2C4E9 /* ForecastCoordinator.swift */; };
		EAB99FC327A8FEBF00F2C4E9 /* ForecastCoordinatorAssembly.swift in Sources */ = {isa = PBXBuildFile; fileRef = EAB99FC227A8FEBF00F2C4E9 /* ForecastCoordinatorAssembly.swift */; };
		EAB99FC927A8FEF000F2C4E9 /* CityForecastViewInput.swift in Sources */ = {isa = PBXBuildFile; fileRef = EAB99FC827A8FEF000F2C4E9 /* CityForecastViewInput.swift */; };
		EAB99FCB27A8FF1000F2C4E9 /* CityForecastViewOutput.swift in Sources */ = {isa = PBXBuildFile; fileRef = EAB99FCA27A8FF1000F2C4E9 /* CityForecastViewOutput.swift */; };
		EAB99FCD27A8FF3200F2C4E9 /* CityForecastView.swift in Sources */ = {isa = PBXBuildFile; fileRef = EAB99FCC27A8FF3200F2C4E9 /* CityForecastView.swift */; };
		EAB99FD027A9006000F2C4E9 /* CityForecastTableViewAdapter.swift in Sources */ = {isa = PBXBuildFile; fileRef = EAB99FCF27A9006000F2C4E9 /* CityForecastTableViewAdapter.swift */; };
		EAB99FD227A901FE00F2C4E9 /* ServerWeather.swift in Sources */ = {isa = PBXBuildFile; fileRef = EAB99FD127A901FE00F2C4E9 /* ServerWeather.swift */; };
		EAB99FD427A9023D00F2C4E9 /* ServerForecastWeather.swift in Sources */ = {isa = PBXBuildFile; fileRef = EAB99FD327A9023D00F2C4E9 /* ServerForecastWeather.swift */; };
		EAB99FD627A9026000F2C4E9 /* ServerForecastWeatherPart.swift in Sources */ = {isa = PBXBuildFile; fileRef = EAB99FD527A9026000F2C4E9 /* ServerForecastWeatherPart.swift */; };
		EAB99FD827A9029B00F2C4E9 /* ServerDayPartWeather.swift in Sources */ = {isa = PBXBuildFile; fileRef = EAB99FD727A9029B00F2C4E9 /* ServerDayPartWeather.swift */; };
		EAB99FDA27A902BE00F2C4E9 /* ServerDayHourForecast.swift in Sources */ = {isa = PBXBuildFile; fileRef = EAB99FD927A902BE00F2C4E9 /* ServerDayHourForecast.swift */; };
		EAB99FDE27A9030F00F2C4E9 /* Weather.swift in Sources */ = {isa = PBXBuildFile; fileRef = EAB99FDD27A9030F00F2C4E9 /* Weather.swift */; };
		EAB99FE027A9034500F2C4E9 /* ForecastWeather.swift in Sources */ = {isa = PBXBuildFile; fileRef = EAB99FDF27A9034500F2C4E9 /* ForecastWeather.swift */; };
		EAB99FE227A9039600F2C4E9 /* ForecastWeatherPart.swift in Sources */ = {isa = PBXBuildFile; fileRef = EAB99FE127A9039600F2C4E9 /* ForecastWeatherPart.swift */; };
		EAB99FE427A903BF00F2C4E9 /* DayPartWeather.swift in Sources */ = {isa = PBXBuildFile; fileRef = EAB99FE327A903BF00F2C4E9 /* DayPartWeather.swift */; };
		EAB99FE627A903E800F2C4E9 /* DaysHourForecast.swift in Sources */ = {isa = PBXBuildFile; fileRef = EAB99FE527A903E800F2C4E9 /* DaysHourForecast.swift */; };
		EAB99FEA27A904D000F2C4E9 /* DBWeather.swift in Sources */ = {isa = PBXBuildFile; fileRef = EAB99FE927A904D000F2C4E9 /* DBWeather.swift */; };
		EAB99FEC27A9050B00F2C4E9 /* DBForecastWeather.swift in Sources */ = {isa = PBXBuildFile; fileRef = EAB99FEB27A9050B00F2C4E9 /* DBForecastWeather.swift */; };
		EAB99FEE27A9054000F2C4E9 /* DBDaysHourForecast.swift in Sources */ = {isa = PBXBuildFile; fileRef = EAB99FED27A9054000F2C4E9 /* DBDaysHourForecast.swift */; };
		EAB99FF027A9056E00F2C4E9 /* DBForecastWeatherPart.swift in Sources */ = {isa = PBXBuildFile; fileRef = EAB99FEF27A9056E00F2C4E9 /* DBForecastWeatherPart.swift */; };
		EAB99FF227A905AB00F2C4E9 /* DBDayPartWeather.swift in Sources */ = {isa = PBXBuildFile; fileRef = EAB99FF127A905AB00F2C4E9 /* DBDayPartWeather.swift */; };
		EAB99FF427A90C3E00F2C4E9 /* Array+Extensions.swift in Sources */ = {isa = PBXBuildFile; fileRef = EAB99FF327A90C3E00F2C4E9 /* Array+Extensions.swift */; };
		EAB99FF627A90C7800F2C4E9 /* LocalErasable.swift in Sources */ = {isa = PBXBuildFile; fileRef = EAB99FF527A90C7800F2C4E9 /* LocalErasable.swift */; };
		EAB99FF827A90C9300F2C4E9 /* DatabaseErasable.swift in Sources */ = {isa = PBXBuildFile; fileRef = EAB99FF727A90C9300F2C4E9 /* DatabaseErasable.swift */; };
		EAB99FFA27A913FE00F2C4E9 /* Realm+Extensions.swift in Sources */ = {isa = PBXBuildFile; fileRef = EAB99FF927A913FE00F2C4E9 /* Realm+Extensions.swift */; };
		EAB99FFE27A91C1300F2C4E9 /* DayWeather.swift in Sources */ = {isa = PBXBuildFile; fileRef = EAB99FFD27A91C1300F2C4E9 /* DayWeather.swift */; };
		EAB9A00227A91E6700F2C4E9 /* DayPartForecastTableViewCell.swift in Sources */ = {isa = PBXBuildFile; fileRef = EAB9A00127A91E6700F2C4E9 /* DayPartForecastTableViewCell.swift */; };
		EAB9A00527A921EF00F2C4E9 /* DayPartForecastView.swift in Sources */ = {isa = PBXBuildFile; fileRef = EAB9A00427A921EF00F2C4E9 /* DayPartForecastView.swift */; };
		EAB9A00A27A9228600F2C4E9 /* DisclosureTableViewHeaderViewDelegate.swift in Sources */ = {isa = PBXBuildFile; fileRef = EAB9A00827A9228600F2C4E9 /* DisclosureTableViewHeaderViewDelegate.swift */; };
		EAB9A00B27A9228600F2C4E9 /* DisclosureTableViewHeaderView.swift in Sources */ = {isa = PBXBuildFile; fileRef = EAB9A00927A9228600F2C4E9 /* DisclosureTableViewHeaderView.swift */; };
		EAB9A00D27A9232300F2C4E9 /* DisclosureHeader.swift in Sources */ = {isa = PBXBuildFile; fileRef = EAB9A00C27A9232300F2C4E9 /* DisclosureHeader.swift */; };
		EAB9A00F27A9237000F2C4E9 /* ShortForecast.swift in Sources */ = {isa = PBXBuildFile; fileRef = EAB9A00E27A9237000F2C4E9 /* ShortForecast.swift */; };
		EAB9A01227A924EF00F2C4E9 /* AppImage.swift in Sources */ = {isa = PBXBuildFile; fileRef = EAB9A01127A924EF00F2C4E9 /* AppImage.swift */; };
		EAB9A01427A9253300F2C4E9 /* UIImageView+Extensions.swift in Sources */ = {isa = PBXBuildFile; fileRef = EAB9A01327A9253300F2C4E9 /* UIImageView+Extensions.swift */; };
		EAB9A01727A9258F00F2C4E9 /* Kingfisher in Frameworks */ = {isa = PBXBuildFile; productRef = EAB9A01627A9258F00F2C4E9 /* Kingfisher */; };
		EAB9A01927A925C400F2C4E9 /* SVGImageProcessor.swift in Sources */ = {isa = PBXBuildFile; fileRef = EAB9A01827A925C400F2C4E9 /* SVGImageProcessor.swift */; };
		EAB9A01B27A9267B00F2C4E9 /* String+Extensions.swift in Sources */ = {isa = PBXBuildFile; fileRef = EAB9A01A27A9267B00F2C4E9 /* String+Extensions.swift */; };
		EAB9A01D27A926B400F2C4E9 /* Sequence+Extensions.swift in Sources */ = {isa = PBXBuildFile; fileRef = EAB9A01C27A926B400F2C4E9 /* Sequence+Extensions.swift */; };
		EAB9A01F27A926EA00F2C4E9 /* Int+Extensions.swift in Sources */ = {isa = PBXBuildFile; fileRef = EAB9A01E27A926EA00F2C4E9 /* Int+Extensions.swift */; };
		EAB9A02127A9272900F2C4E9 /* UILabel+Extensions.swift in Sources */ = {isa = PBXBuildFile; fileRef = EAB9A02027A9272900F2C4E9 /* UILabel+Extensions.swift */; };
		EAB9A02327A9277400F2C4E9 /* Environment.swift in Sources */ = {isa = PBXBuildFile; fileRef = EAB9A02227A9277400F2C4E9 /* Environment.swift */; };
		EAB9A02527A9284600F2C4E9 /* RequestResolver.swift in Sources */ = {isa = PBXBuildFile; fileRef = EAB9A02427A9284600F2C4E9 /* RequestResolver.swift */; };
		EAB9A02827A928A600F2C4E9 /* Endpoint.swift in Sources */ = {isa = PBXBuildFile; fileRef = EAB9A02727A928A600F2C4E9 /* Endpoint.swift */; };
		EAB9A02A27A9290E00F2C4E9 /* ForecastEndpoint.swift in Sources */ = {isa = PBXBuildFile; fileRef = EAB9A02927A9290E00F2C4E9 /* ForecastEndpoint.swift */; };
		EAB9A02E27A9298000F2C4E9 /* NetworkError.swift in Sources */ = {isa = PBXBuildFile; fileRef = EAB9A02D27A9298000F2C4E9 /* NetworkError.swift */; };
		EAB9A03127A92B2400F2C4E9 /* ForecastRequest.swift in Sources */ = {isa = PBXBuildFile; fileRef = EAB9A03027A92B2400F2C4E9 /* ForecastRequest.swift */; };
		EAB9A03327A92B5900F2C4E9 /* ForecastLanguage.swift in Sources */ = {isa = PBXBuildFile; fileRef = EAB9A03227A92B5900F2C4E9 /* ForecastLanguage.swift */; };
		EAB9A03527A92C9100F2C4E9 /* NetworkManager.swift in Sources */ = {isa = PBXBuildFile; fileRef = EAB9A03427A92C9100F2C4E9 /* NetworkManager.swift */; };
		EAB9A03727A933B700F2C4E9 /* UIButton+Extensions.swift in Sources */ = {isa = PBXBuildFile; fileRef = EAB9A03627A933B700F2C4E9 /* UIButton+Extensions.swift */; };
		EAB9A03A27A9342100F2C4E9 /* AppInitialStateService.swift in Sources */ = {isa = PBXBuildFile; fileRef = EAB9A03927A9342100F2C4E9 /* AppInitialStateService.swift */; };
		EAB9A03C27A934A900F2C4E9 /* AppInitialState.swift in Sources */ = {isa = PBXBuildFile; fileRef = EAB9A03B27A934A900F2C4E9 /* AppInitialState.swift */; };
		EAB9A03E27A93A9500F2C4E9 /* CityForecastModuleAssembly.swift in Sources */ = {isa = PBXBuildFile; fileRef = EAB9A03D27A93A9500F2C4E9 /* CityForecastModuleAssembly.swift */; };
		EAB9A04027A93B3000F2C4E9 /* CityForecastModuleInput.swift in Sources */ = {isa = PBXBuildFile; fileRef = EAB9A03F27A93B3000F2C4E9 /* CityForecastModuleInput.swift */; };
		EAB9A04227A93B4400F2C4E9 /* CityForecastPresenter.swift in Sources */ = {isa = PBXBuildFile; fileRef = EAB9A04127A93B4400F2C4E9 /* CityForecastPresenter.swift */; };
		EAB9A04427A93CB200F2C4E9 /* CityForecastInteractorInput.swift in Sources */ = {isa = PBXBuildFile; fileRef = EAB9A04327A93CB200F2C4E9 /* CityForecastInteractorInput.swift */; };
		EAB9A04627A93CEE00F2C4E9 /* CityForecastInteractorOutput.swift in Sources */ = {isa = PBXBuildFile; fileRef = EAB9A04527A93CEE00F2C4E9 /* CityForecastInteractorOutput.swift */; };
		EAB9A04827A93CFB00F2C4E9 /* CityForecastInteractor.swift in Sources */ = {isa = PBXBuildFile; fileRef = EAB9A04727A93CFB00F2C4E9 /* CityForecastInteractor.swift */; };
		EAB9A04A27A9506300F2C4E9 /* CityForecastModuleOutput.swift in Sources */ = {isa = PBXBuildFile; fileRef = EAB9A04927A9506300F2C4E9 /* CityForecastModuleOutput.swift */; };
		EABFFBFF27AA63CF00851989 /* HourForecastModuleAssembly.swift in Sources */ = {isa = PBXBuildFile; fileRef = EABFFBFE27AA63CF00851989 /* HourForecastModuleAssembly.swift */; };
		EABFFC0127AA643400851989 /* HourForecastViewInput.swift in Sources */ = {isa = PBXBuildFile; fileRef = EABFFC0027AA643400851989 /* HourForecastViewInput.swift */; };
		EABFFC0327AA644100851989 /* HourForecastViewOutput.swift in Sources */ = {isa = PBXBuildFile; fileRef = EABFFC0227AA644100851989 /* HourForecastViewOutput.swift */; };
		EABFFC0527AA645200851989 /* HourForecastView.swift in Sources */ = {isa = PBXBuildFile; fileRef = EABFFC0427AA645200851989 /* HourForecastView.swift */; };
		EABFFC0827AA65E000851989 /* HourForecastTableViewAdapter.swift in Sources */ = {isa = PBXBuildFile; fileRef = EABFFC0727AA65E000851989 /* HourForecastTableViewAdapter.swift */; };
		EABFFC0B27AA666600851989 /* HourForecastTableViewCell.swift in Sources */ = {isa = PBXBuildFile; fileRef = EABFFC0A27AA666600851989 /* HourForecastTableViewCell.swift */; };
		EABFFC0D27AA670800851989 /* HourForecastInfoView.swift in Sources */ = {isa = PBXBuildFile; fileRef = EABFFC0C27AA670800851989 /* HourForecastInfoView.swift */; };
		EABFFC1027AA679B00851989 /* HourForecast.swift in Sources */ = {isa = PBXBuildFile; fileRef = EABFFC0F27AA679B00851989 /* HourForecast.swift */; };
		EABFFC1227AA67F600851989 /* HourForecastModuleInput.swift in Sources */ = {isa = PBXBuildFile; fileRef = EABFFC1127AA67F600851989 /* HourForecastModuleInput.swift */; };
		EABFFC1427AA680200851989 /* HourForecastModuleOutput.swift in Sources */ = {isa = PBXBuildFile; fileRef = EABFFC1327AA680200851989 /* HourForecastModuleOutput.swift */; };
		EABFFC1627AA680B00851989 /* HourForecastPresenter.swift in Sources */ = {isa = PBXBuildFile; fileRef = EABFFC1527AA680B00851989 /* HourForecastPresenter.swift */; };
		EABFFC1827AA696200851989 /* HourForecastInteractorInput.swift in Sources */ = {isa = PBXBuildFile; fileRef = EABFFC1727AA696200851989 /* HourForecastInteractorInput.swift */; };
		EABFFC1A27AA696A00851989 /* HourForecastInteractorOutput.swift in Sources */ = {isa = PBXBuildFile; fileRef = EABFFC1927AA696A00851989 /* HourForecastInteractorOutput.swift */; };
		EABFFC1C27AA697200851989 /* HourForecastInteractor.swift in Sources */ = {isa = PBXBuildFile; fileRef = EABFFC1B27AA697200851989 /* HourForecastInteractor.swift */; };
/* End PBXBuildFile section */

/* Begin PBXFileReference section */
		EA586F5527A7DB0E00F5A904 /* Module.swift */ = {isa = PBXFileReference; lastKnownFileType = sourcecode.swift; path = Module.swift; sourceTree = "<group>"; };
		EA586F5727A7DB4B00F5A904 /* UIViewController+Extensions.swift */ = {isa = PBXFileReference; lastKnownFileType = sourcecode.swift; path = "UIViewController+Extensions.swift"; sourceTree = "<group>"; };
		EA586F5B27A7DCBB00F5A904 /* RouterImp.swift */ = {isa = PBXFileReference; lastKnownFileType = sourcecode.swift; path = RouterImp.swift; sourceTree = "<group>"; };
		EA586F5D27A7DCC600F5A904 /* Router.swift */ = {isa = PBXFileReference; lastKnownFileType = sourcecode.swift; path = Router.swift; sourceTree = "<group>"; };
		EAA1EA8427A7B1A000D6EAB1 /* Weather.app */ = {isa = PBXFileReference; explicitFileType = wrapper.application; includeInIndex = 0; path = Weather.app; sourceTree = BUILT_PRODUCTS_DIR; };
		EAA1EA8727A7B1A000D6EAB1 /* AppDelegate.swift */ = {isa = PBXFileReference; lastKnownFileType = sourcecode.swift; path = AppDelegate.swift; sourceTree = "<group>"; };
		EAA1EA9027A7B1A200D6EAB1 /* Assets.xcassets */ = {isa = PBXFileReference; lastKnownFileType = folder.assetcatalog; path = Assets.xcassets; sourceTree = "<group>"; };
		EAA1EA9327A7B1A200D6EAB1 /* Base */ = {isa = PBXFileReference; lastKnownFileType = file.storyboard; name = Base; path = Base.lproj/LaunchScreen.storyboard; sourceTree = "<group>"; };
		EAA1EA9527A7B1A200D6EAB1 /* Info.plist */ = {isa = PBXFileReference; lastKnownFileType = text.plist.xml; path = Info.plist; sourceTree = "<group>"; };
		EAA1EAA927A7B56E00D6EAB1 /* ru */ = {isa = PBXFileReference; lastKnownFileType = text.plist.strings; name = ru; path = ru.lproj/Localizable.strings; sourceTree = "<group>"; };
		EAA1EAAB27A7B9E400D6EAB1 /* R.generated.swift */ = {isa = PBXFileReference; fileEncoding = 4; lastKnownFileType = sourcecode.swift; path = R.generated.swift; sourceTree = "<group>"; };
		EAA4A2C127A9924E00B60435 /* DatabaseChanges.swift */ = {isa = PBXFileReference; lastKnownFileType = sourcecode.swift; path = DatabaseChanges.swift; sourceTree = "<group>"; };
		EAB99F5C27A7FE7100F2C4E9 /* Coordinator.swift */ = {isa = PBXFileReference; lastKnownFileType = sourcecode.swift; path = Coordinator.swift; sourceTree = "<group>"; };
		EAB99F5E27A7FE9A00F2C4E9 /* BaseCoordinator.swift */ = {isa = PBXFileReference; lastKnownFileType = sourcecode.swift; path = BaseCoordinator.swift; sourceTree = "<group>"; };
		EAB99F6127A8017D00F2C4E9 /* Location.swift */ = {isa = PBXFileReference; lastKnownFileType = sourcecode.swift; path = Location.swift; sourceTree = "<group>"; };
		EAB99F6327A8018600F2C4E9 /* City.swift */ = {isa = PBXFileReference; lastKnownFileType = sourcecode.swift; path = City.swift; sourceTree = "<group>"; };
		EAB99F6727A8032700F2C4E9 /* CitiesFetchService.swift */ = {isa = PBXFileReference; lastKnownFileType = sourcecode.swift; path = CitiesFetchService.swift; sourceTree = "<group>"; };
		EAB99F6927A8061200F2C4E9 /* DBCity.swift */ = {isa = PBXFileReference; lastKnownFileType = sourcecode.swift; path = DBCity.swift; sourceTree = "<group>"; };
		EAB99F6F27A8094100F2C4E9 /* DBLocation.swift */ = {isa = PBXFileReference; lastKnownFileType = sourcecode.swift; path = DBLocation.swift; sourceTree = "<group>"; };
		EAB99F7327A80CE100F2C4E9 /* AppCoordinator.swift */ = {isa = PBXFileReference; lastKnownFileType = sourcecode.swift; path = AppCoordinator.swift; sourceTree = "<group>"; };
		EAB99F7627A80CF600F2C4E9 /* AppCoordinatorImp.swift */ = {isa = PBXFileReference; lastKnownFileType = sourcecode.swift; path = AppCoordinatorImp.swift; sourceTree = "<group>"; };
		EAB99F7827A80D0100F2C4E9 /* AppCoordinatorAssembly.swift */ = {isa = PBXFileReference; lastKnownFileType = sourcecode.swift; path = AppCoordinatorAssembly.swift; sourceTree = "<group>"; };
		EAB99F8127A8110700F2C4E9 /* DIContainer.swift */ = {isa = PBXFileReference; lastKnownFileType = sourcecode.swift; path = DIContainer.swift; sourceTree = "<group>"; };
		EAB99F8627A8137A00F2C4E9 /* CitySelectionCoordinatorAssembly.swift */ = {isa = PBXFileReference; lastKnownFileType = sourcecode.swift; path = CitySelectionCoordinatorAssembly.swift; sourceTree = "<group>"; };
		EAB99F8827A813C400F2C4E9 /* CitySelectionCoordinator.swift */ = {isa = PBXFileReference; lastKnownFileType = sourcecode.swift; path = CitySelectionCoordinator.swift; sourceTree = "<group>"; };
		EAB99F8E27A815D100F2C4E9 /* CityChoosingViewInput.swift */ = {isa = PBXFileReference; lastKnownFileType = sourcecode.swift; path = CityChoosingViewInput.swift; sourceTree = "<group>"; };
		EAB99F9027A815DA00F2C4E9 /* CityChoosingViewOutput.swift */ = {isa = PBXFileReference; lastKnownFileType = sourcecode.swift; path = CityChoosingViewOutput.swift; sourceTree = "<group>"; };
		EAB99F9227A815E200F2C4E9 /* CityChoosingView.swift */ = {isa = PBXFileReference; lastKnownFileType = sourcecode.swift; path = CityChoosingView.swift; sourceTree = "<group>"; };
		EAB99F9527A816F500F2C4E9 /* BaseViewController.swift */ = {isa = PBXFileReference; lastKnownFileType = sourcecode.swift; path = BaseViewController.swift; sourceTree = "<group>"; };
		EAB99F9727A8175900F2C4E9 /* UIConfigurable.swift */ = {isa = PBXFileReference; lastKnownFileType = sourcecode.swift; path = UIConfigurable.swift; sourceTree = "<group>"; };
		EAB99F9927A818B500F2C4E9 /* CityChoosingModuleOutput.swift */ = {isa = PBXFileReference; lastKnownFileType = sourcecode.swift; path = CityChoosingModuleOutput.swift; sourceTree = "<group>"; };
		EAB99F9B27A818C200F2C4E9 /* CityChoosingModuleInput.swift */ = {isa = PBXFileReference; lastKnownFileType = sourcecode.swift; path = CityChoosingModuleInput.swift; sourceTree = "<group>"; };
		EAB99F9D27A818D600F2C4E9 /* CityChoosingPresenter.swift */ = {isa = PBXFileReference; lastKnownFileType = sourcecode.swift; path = CityChoosingPresenter.swift; sourceTree = "<group>"; };
		EAB99F9F27A81A0100F2C4E9 /* CityChoosingInteractorInput.swift */ = {isa = PBXFileReference; lastKnownFileType = sourcecode.swift; path = CityChoosingInteractorInput.swift; sourceTree = "<group>"; };
		EAB99FA127A81A0900F2C4E9 /* CityChoosingInteractorOutput.swift */ = {isa = PBXFileReference; lastKnownFileType = sourcecode.swift; path = CityChoosingInteractorOutput.swift; sourceTree = "<group>"; };
		EAB99FA327A81A1000F2C4E9 /* CityChoosingInteractor.swift */ = {isa = PBXFileReference; lastKnownFileType = sourcecode.swift; path = CityChoosingInteractor.swift; sourceTree = "<group>"; };
		EAB99FA627A81D5300F2C4E9 /* CityChoosingModuleAssembly.swift */ = {isa = PBXFileReference; lastKnownFileType = sourcecode.swift; path = CityChoosingModuleAssembly.swift; sourceTree = "<group>"; };
		EAB99FA927A81E5B00F2C4E9 /* CityChoosingTableViewAdapter.swift */ = {isa = PBXFileReference; lastKnownFileType = sourcecode.swift; path = CityChoosingTableViewAdapter.swift; sourceTree = "<group>"; };
		EAB99FAB27A81ED900F2C4E9 /* UITableView+Extensions.swift */ = {isa = PBXFileReference; lastKnownFileType = sourcecode.swift; path = "UITableView+Extensions.swift"; sourceTree = "<group>"; };
		EAB99FAD27A81EF900F2C4E9 /* UITableViewCell+Extensions.swift */ = {isa = PBXFileReference; lastKnownFileType = sourcecode.swift; path = "UITableViewCell+Extensions.swift"; sourceTree = "<group>"; };
		EAB99FAF27A81F1000F2C4E9 /* UITableHeaderFooterView+Extensions.swift */ = {isa = PBXFileReference; lastKnownFileType = sourcecode.swift; path = "UITableHeaderFooterView+Extensions.swift"; sourceTree = "<group>"; };
		EAB99FB127A8200C00F2C4E9 /* CityTableViewCell.swift */ = {isa = PBXFileReference; lastKnownFileType = sourcecode.swift; path = CityTableViewCell.swift; sourceTree = "<group>"; };
		EAB99FB527A821DE00F2C4E9 /* Previews.swift */ = {isa = PBXFileReference; lastKnownFileType = sourcecode.swift; path = Previews.swift; sourceTree = "<group>"; };
		EAB99FB727A824B600F2C4E9 /* CellResolver.swift */ = {isa = PBXFileReference; lastKnownFileType = sourcecode.swift; path = CellResolver.swift; sourceTree = "<group>"; };
		EAB99FB927A8336A00F2C4E9 /* DatabaseService.swift */ = {isa = PBXFileReference; lastKnownFileType = sourcecode.swift; path = DatabaseService.swift; sourceTree = "<group>"; };
		EAB99FC027A8FEAF00F2C4E9 /* ForecastCoordinator.swift */ = {isa = PBXFileReference; lastKnownFileType = sourcecode.swift; path = ForecastCoordinator.swift; sourceTree = "<group>"; };
		EAB99FC227A8FEBF00F2C4E9 /* ForecastCoordinatorAssembly.swift */ = {isa = PBXFileReference; lastKnownFileType = sourcecode.swift; path = ForecastCoordinatorAssembly.swift; sourceTree = "<group>"; };
		EAB99FC827A8FEF000F2C4E9 /* CityForecastViewInput.swift */ = {isa = PBXFileReference; lastKnownFileType = sourcecode.swift; path = CityForecastViewInput.swift; sourceTree = "<group>"; };
		EAB99FCA27A8FF1000F2C4E9 /* CityForecastViewOutput.swift */ = {isa = PBXFileReference; lastKnownFileType = sourcecode.swift; path = CityForecastViewOutput.swift; sourceTree = "<group>"; };
		EAB99FCC27A8FF3200F2C4E9 /* CityForecastView.swift */ = {isa = PBXFileReference; lastKnownFileType = sourcecode.swift; path = CityForecastView.swift; sourceTree = "<group>"; };
		EAB99FCF27A9006000F2C4E9 /* CityForecastTableViewAdapter.swift */ = {isa = PBXFileReference; lastKnownFileType = sourcecode.swift; path = CityForecastTableViewAdapter.swift; sourceTree = "<group>"; };
		EAB99FD127A901FE00F2C4E9 /* ServerWeather.swift */ = {isa = PBXFileReference; lastKnownFileType = sourcecode.swift; path = ServerWeather.swift; sourceTree = "<group>"; };
		EAB99FD327A9023D00F2C4E9 /* ServerForecastWeather.swift */ = {isa = PBXFileReference; lastKnownFileType = sourcecode.swift; path = ServerForecastWeather.swift; sourceTree = "<group>"; };
		EAB99FD527A9026000F2C4E9 /* ServerForecastWeatherPart.swift */ = {isa = PBXFileReference; lastKnownFileType = sourcecode.swift; path = ServerForecastWeatherPart.swift; sourceTree = "<group>"; };
		EAB99FD727A9029B00F2C4E9 /* ServerDayPartWeather.swift */ = {isa = PBXFileReference; lastKnownFileType = sourcecode.swift; path = ServerDayPartWeather.swift; sourceTree = "<group>"; };
		EAB99FD927A902BE00F2C4E9 /* ServerDayHourForecast.swift */ = {isa = PBXFileReference; lastKnownFileType = sourcecode.swift; path = ServerDayHourForecast.swift; sourceTree = "<group>"; };
		EAB99FDD27A9030F00F2C4E9 /* Weather.swift */ = {isa = PBXFileReference; lastKnownFileType = sourcecode.swift; path = Weather.swift; sourceTree = "<group>"; };
		EAB99FDF27A9034500F2C4E9 /* ForecastWeather.swift */ = {isa = PBXFileReference; lastKnownFileType = sourcecode.swift; path = ForecastWeather.swift; sourceTree = "<group>"; };
		EAB99FE127A9039600F2C4E9 /* ForecastWeatherPart.swift */ = {isa = PBXFileReference; lastKnownFileType = sourcecode.swift; path = ForecastWeatherPart.swift; sourceTree = "<group>"; };
		EAB99FE327A903BF00F2C4E9 /* DayPartWeather.swift */ = {isa = PBXFileReference; lastKnownFileType = sourcecode.swift; path = DayPartWeather.swift; sourceTree = "<group>"; };
		EAB99FE527A903E800F2C4E9 /* DaysHourForecast.swift */ = {isa = PBXFileReference; lastKnownFileType = sourcecode.swift; path = DaysHourForecast.swift; sourceTree = "<group>"; };
		EAB99FE927A904D000F2C4E9 /* DBWeather.swift */ = {isa = PBXFileReference; lastKnownFileType = sourcecode.swift; path = DBWeather.swift; sourceTree = "<group>"; };
		EAB99FEB27A9050B00F2C4E9 /* DBForecastWeather.swift */ = {isa = PBXFileReference; lastKnownFileType = sourcecode.swift; path = DBForecastWeather.swift; sourceTree = "<group>"; };
		EAB99FED27A9054000F2C4E9 /* DBDaysHourForecast.swift */ = {isa = PBXFileReference; lastKnownFileType = sourcecode.swift; path = DBDaysHourForecast.swift; sourceTree = "<group>"; };
		EAB99FEF27A9056E00F2C4E9 /* DBForecastWeatherPart.swift */ = {isa = PBXFileReference; lastKnownFileType = sourcecode.swift; path = DBForecastWeatherPart.swift; sourceTree = "<group>"; };
		EAB99FF127A905AB00F2C4E9 /* DBDayPartWeather.swift */ = {isa = PBXFileReference; lastKnownFileType = sourcecode.swift; path = DBDayPartWeather.swift; sourceTree = "<group>"; };
		EAB99FF327A90C3E00F2C4E9 /* Array+Extensions.swift */ = {isa = PBXFileReference; lastKnownFileType = sourcecode.swift; path = "Array+Extensions.swift"; sourceTree = "<group>"; };
		EAB99FF527A90C7800F2C4E9 /* LocalErasable.swift */ = {isa = PBXFileReference; lastKnownFileType = sourcecode.swift; path = LocalErasable.swift; sourceTree = "<group>"; };
		EAB99FF727A90C9300F2C4E9 /* DatabaseErasable.swift */ = {isa = PBXFileReference; lastKnownFileType = sourcecode.swift; path = DatabaseErasable.swift; sourceTree = "<group>"; };
		EAB99FF927A913FE00F2C4E9 /* Realm+Extensions.swift */ = {isa = PBXFileReference; lastKnownFileType = sourcecode.swift; path = "Realm+Extensions.swift"; sourceTree = "<group>"; };
		EAB99FFD27A91C1300F2C4E9 /* DayWeather.swift */ = {isa = PBXFileReference; lastKnownFileType = sourcecode.swift; path = DayWeather.swift; sourceTree = "<group>"; };
		EAB9A00127A91E6700F2C4E9 /* DayPartForecastTableViewCell.swift */ = {isa = PBXFileReference; lastKnownFileType = sourcecode.swift; path = DayPartForecastTableViewCell.swift; sourceTree = "<group>"; };
		EAB9A00427A921EF00F2C4E9 /* DayPartForecastView.swift */ = {isa = PBXFileReference; lastKnownFileType = sourcecode.swift; path = DayPartForecastView.swift; sourceTree = "<group>"; };
		EAB9A00827A9228600F2C4E9 /* DisclosureTableViewHeaderViewDelegate.swift */ = {isa = PBXFileReference; fileEncoding = 4; lastKnownFileType = sourcecode.swift; path = DisclosureTableViewHeaderViewDelegate.swift; sourceTree = "<group>"; };
		EAB9A00927A9228600F2C4E9 /* DisclosureTableViewHeaderView.swift */ = {isa = PBXFileReference; fileEncoding = 4; lastKnownFileType = sourcecode.swift; path = DisclosureTableViewHeaderView.swift; sourceTree = "<group>"; };
		EAB9A00C27A9232300F2C4E9 /* DisclosureHeader.swift */ = {isa = PBXFileReference; lastKnownFileType = sourcecode.swift; path = DisclosureHeader.swift; sourceTree = "<group>"; };
		EAB9A00E27A9237000F2C4E9 /* ShortForecast.swift */ = {isa = PBXFileReference; lastKnownFileType = sourcecode.swift; path = ShortForecast.swift; sourceTree = "<group>"; };
		EAB9A01127A924EF00F2C4E9 /* AppImage.swift */ = {isa = PBXFileReference; lastKnownFileType = sourcecode.swift; path = AppImage.swift; sourceTree = "<group>"; };
		EAB9A01327A9253300F2C4E9 /* UIImageView+Extensions.swift */ = {isa = PBXFileReference; lastKnownFileType = sourcecode.swift; path = "UIImageView+Extensions.swift"; sourceTree = "<group>"; };
		EAB9A01827A925C400F2C4E9 /* SVGImageProcessor.swift */ = {isa = PBXFileReference; lastKnownFileType = sourcecode.swift; path = SVGImageProcessor.swift; sourceTree = "<group>"; };
		EAB9A01A27A9267B00F2C4E9 /* String+Extensions.swift */ = {isa = PBXFileReference; lastKnownFileType = sourcecode.swift; path = "String+Extensions.swift"; sourceTree = "<group>"; };
		EAB9A01C27A926B400F2C4E9 /* Sequence+Extensions.swift */ = {isa = PBXFileReference; lastKnownFileType = sourcecode.swift; path = "Sequence+Extensions.swift"; sourceTree = "<group>"; };
		EAB9A01E27A926EA00F2C4E9 /* Int+Extensions.swift */ = {isa = PBXFileReference; lastKnownFileType = sourcecode.swift; path = "Int+Extensions.swift"; sourceTree = "<group>"; };
		EAB9A02027A9272900F2C4E9 /* UILabel+Extensions.swift */ = {isa = PBXFileReference; lastKnownFileType = sourcecode.swift; path = "UILabel+Extensions.swift"; sourceTree = "<group>"; };
		EAB9A02227A9277400F2C4E9 /* Environment.swift */ = {isa = PBXFileReference; lastKnownFileType = sourcecode.swift; path = Environment.swift; sourceTree = "<group>"; };
		EAB9A02427A9284600F2C4E9 /* RequestResolver.swift */ = {isa = PBXFileReference; lastKnownFileType = sourcecode.swift; path = RequestResolver.swift; sourceTree = "<group>"; };
		EAB9A02727A928A600F2C4E9 /* Endpoint.swift */ = {isa = PBXFileReference; lastKnownFileType = sourcecode.swift; path = Endpoint.swift; sourceTree = "<group>"; };
		EAB9A02927A9290E00F2C4E9 /* ForecastEndpoint.swift */ = {isa = PBXFileReference; lastKnownFileType = sourcecode.swift; path = ForecastEndpoint.swift; sourceTree = "<group>"; };
		EAB9A02D27A9298000F2C4E9 /* NetworkError.swift */ = {isa = PBXFileReference; lastKnownFileType = sourcecode.swift; path = NetworkError.swift; sourceTree = "<group>"; };
		EAB9A03027A92B2400F2C4E9 /* ForecastRequest.swift */ = {isa = PBXFileReference; lastKnownFileType = sourcecode.swift; path = ForecastRequest.swift; sourceTree = "<group>"; };
		EAB9A03227A92B5900F2C4E9 /* ForecastLanguage.swift */ = {isa = PBXFileReference; lastKnownFileType = sourcecode.swift; path = ForecastLanguage.swift; sourceTree = "<group>"; };
		EAB9A03427A92C9100F2C4E9 /* NetworkManager.swift */ = {isa = PBXFileReference; lastKnownFileType = sourcecode.swift; path = NetworkManager.swift; sourceTree = "<group>"; };
		EAB9A03627A933B700F2C4E9 /* UIButton+Extensions.swift */ = {isa = PBXFileReference; lastKnownFileType = sourcecode.swift; path = "UIButton+Extensions.swift"; sourceTree = "<group>"; };
		EAB9A03927A9342100F2C4E9 /* AppInitialStateService.swift */ = {isa = PBXFileReference; lastKnownFileType = sourcecode.swift; path = AppInitialStateService.swift; sourceTree = "<group>"; };
		EAB9A03B27A934A900F2C4E9 /* AppInitialState.swift */ = {isa = PBXFileReference; lastKnownFileType = sourcecode.swift; path = AppInitialState.swift; sourceTree = "<group>"; };
		EAB9A03D27A93A9500F2C4E9 /* CityForecastModuleAssembly.swift */ = {isa = PBXFileReference; lastKnownFileType = sourcecode.swift; path = CityForecastModuleAssembly.swift; sourceTree = "<group>"; };
		EAB9A03F27A93B3000F2C4E9 /* CityForecastModuleInput.swift */ = {isa = PBXFileReference; lastKnownFileType = sourcecode.swift; path = CityForecastModuleInput.swift; sourceTree = "<group>"; };
		EAB9A04127A93B4400F2C4E9 /* CityForecastPresenter.swift */ = {isa = PBXFileReference; lastKnownFileType = sourcecode.swift; path = CityForecastPresenter.swift; sourceTree = "<group>"; };
		EAB9A04327A93CB200F2C4E9 /* CityForecastInteractorInput.swift */ = {isa = PBXFileReference; lastKnownFileType = sourcecode.swift; path = CityForecastInteractorInput.swift; sourceTree = "<group>"; };
		EAB9A04527A93CEE00F2C4E9 /* CityForecastInteractorOutput.swift */ = {isa = PBXFileReference; lastKnownFileType = sourcecode.swift; path = CityForecastInteractorOutput.swift; sourceTree = "<group>"; };
		EAB9A04727A93CFB00F2C4E9 /* CityForecastInteractor.swift */ = {isa = PBXFileReference; lastKnownFileType = sourcecode.swift; path = CityForecastInteractor.swift; sourceTree = "<group>"; };
		EAB9A04927A9506300F2C4E9 /* CityForecastModuleOutput.swift */ = {isa = PBXFileReference; lastKnownFileType = sourcecode.swift; path = CityForecastModuleOutput.swift; sourceTree = "<group>"; };
		EABFFBFE27AA63CF00851989 /* HourForecastModuleAssembly.swift */ = {isa = PBXFileReference; lastKnownFileType = sourcecode.swift; path = HourForecastModuleAssembly.swift; sourceTree = "<group>"; };
		EABFFC0027AA643400851989 /* HourForecastViewInput.swift */ = {isa = PBXFileReference; lastKnownFileType = sourcecode.swift; path = HourForecastViewInput.swift; sourceTree = "<group>"; };
		EABFFC0227AA644100851989 /* HourForecastViewOutput.swift */ = {isa = PBXFileReference; lastKnownFileType = sourcecode.swift; path = HourForecastViewOutput.swift; sourceTree = "<group>"; };
		EABFFC0427AA645200851989 /* HourForecastView.swift */ = {isa = PBXFileReference; lastKnownFileType = sourcecode.swift; path = HourForecastView.swift; sourceTree = "<group>"; };
		EABFFC0727AA65E000851989 /* HourForecastTableViewAdapter.swift */ = {isa = PBXFileReference; lastKnownFileType = sourcecode.swift; path = HourForecastTableViewAdapter.swift; sourceTree = "<group>"; };
		EABFFC0A27AA666600851989 /* HourForecastTableViewCell.swift */ = {isa = PBXFileReference; lastKnownFileType = sourcecode.swift; path = HourForecastTableViewCell.swift; sourceTree = "<group>"; };
		EABFFC0C27AA670800851989 /* HourForecastInfoView.swift */ = {isa = PBXFileReference; lastKnownFileType = sourcecode.swift; path = HourForecastInfoView.swift; sourceTree = "<group>"; };
		EABFFC0F27AA679B00851989 /* HourForecast.swift */ = {isa = PBXFileReference; lastKnownFileType = sourcecode.swift; path = HourForecast.swift; sourceTree = "<group>"; };
		EABFFC1127AA67F600851989 /* HourForecastModuleInput.swift */ = {isa = PBXFileReference; lastKnownFileType = sourcecode.swift; path = HourForecastModuleInput.swift; sourceTree = "<group>"; };
		EABFFC1327AA680200851989 /* HourForecastModuleOutput.swift */ = {isa = PBXFileReference; lastKnownFileType = sourcecode.swift; path = HourForecastModuleOutput.swift; sourceTree = "<group>"; };
		EABFFC1527AA680B00851989 /* HourForecastPresenter.swift */ = {isa = PBXFileReference; lastKnownFileType = sourcecode.swift; path = HourForecastPresenter.swift; sourceTree = "<group>"; };
		EABFFC1727AA696200851989 /* HourForecastInteractorInput.swift */ = {isa = PBXFileReference; lastKnownFileType = sourcecode.swift; path = HourForecastInteractorInput.swift; sourceTree = "<group>"; };
		EABFFC1927AA696A00851989 /* HourForecastInteractorOutput.swift */ = {isa = PBXFileReference; lastKnownFileType = sourcecode.swift; path = HourForecastInteractorOutput.swift; sourceTree = "<group>"; };
		EABFFC1B27AA697200851989 /* HourForecastInteractor.swift */ = {isa = PBXFileReference; lastKnownFileType = sourcecode.swift; path = HourForecastInteractor.swift; sourceTree = "<group>"; };
/* End PBXFileReference section */

/* Begin PBXFrameworksBuildPhase section */
		EAA1EA8127A7B1A000D6EAB1 /* Frameworks */ = {
			isa = PBXFrameworksBuildPhase;
			buildActionMask = 2147483647;
			files = (
				EAB9A01727A9258F00F2C4E9 /* Kingfisher in Frameworks */,
				EAA1EAB827A7BAD700D6EAB1 /* SVGKitSwift in Frameworks */,
				EAA1EAB527A7BAA500D6EAB1 /* Alamofire in Frameworks */,
				EAA1EAAF27A7BA7900D6EAB1 /* Rswift in Frameworks */,
				EAA1EABB27A7BB6900D6EAB1 /* RealmSwift in Frameworks */,
				EAA1EAB227A7BA9900D6EAB1 /* SnapKit in Frameworks */,
			);
			runOnlyForDeploymentPostprocessing = 0;
		};
/* End PBXFrameworksBuildPhase section */

/* Begin PBXGroup section */
		EA586F4327A7D69A00F5A904 /* Base */ = {
			isa = PBXGroup;
			children = (
				EA586F4527A7D6D900F5A904 /* Coordinator */,
				EA586F4627A7D6E300F5A904 /* Module */,
				EA586F5A27A7DCA900F5A904 /* Router */,
			);
			path = Base;
			sourceTree = "<group>";
		};
		EA586F4427A7D6AB00F5A904 /* Entities */ = {
			isa = PBXGroup;
			children = (
				EA586F4B27A7D75F00F5A904 /* Network */,
				EA586F4827A7D72500F5A904 /* DB */,
				EAB9A02F27A92B1500F2C4E9 /* Requests */,
				EA586F4A27A7D75600F5A904 /* Plain */,
			);
			path = Entities;
			sourceTree = "<group>";
		};
		EA586F4527A7D6D900F5A904 /* Coordinator */ = {
			isa = PBXGroup;
			children = (
				EAB99F5C27A7FE7100F2C4E9 /* Coordinator.swift */,
				EAB99F5E27A7FE9A00F2C4E9 /* BaseCoordinator.swift */,
			);
			path = Coordinator;
			sourceTree = "<group>";
		};
		EA586F4627A7D6E300F5A904 /* Module */ = {
			isa = PBXGroup;
			children = (
				EA586F5527A7DB0E00F5A904 /* Module.swift */,
			);
			path = Module;
			sourceTree = "<group>";
		};
		EA586F4827A7D72500F5A904 /* DB */ = {
			isa = PBXGroup;
			children = (
				EAB99FE827A9047C00F2C4E9 /* CityForecastScene */,
				EAB99FE727A9046900F2C4E9 /* Common */,
			);
			path = DB;
			sourceTree = "<group>";
		};
		EA586F4A27A7D75600F5A904 /* Plain */ = {
			isa = PBXGroup;
			children = (
				EAB99FFB27A91BD600F2C4E9 /* ForecastScene */,
				EAB99F6027A8016F00F2C4E9 /* Common */,
			);
			path = Plain;
			sourceTree = "<group>";
		};
		EA586F4B27A7D75F00F5A904 /* Network */ = {
			isa = PBXGroup;
			children = (
				EAB99FDB27A902EE00F2C4E9 /* Server */,
				EAB99FDC27A9030300F2C4E9 /* Local */,
			);
			path = Network;
			sourceTree = "<group>";
		};
		EA586F4C27A7D76B00F5A904 /* Extensions */ = {
			isa = PBXGroup;
			children = (
				EAB99FB427A821D300F2C4E9 /* SwiftUI */,
				EA586F5927A7DB6A00F5A904 /* UIKit */,
				EAB99FF327A90C3E00F2C4E9 /* Array+Extensions.swift */,
				EAB99FF927A913FE00F2C4E9 /* Realm+Extensions.swift */,
				EAB9A01A27A9267B00F2C4E9 /* String+Extensions.swift */,
				EAB9A01C27A926B400F2C4E9 /* Sequence+Extensions.swift */,
				EAB9A01E27A926EA00F2C4E9 /* Int+Extensions.swift */,
			);
			path = Extensions;
			sourceTree = "<group>";
		};
		EA586F4E27A7D78D00F5A904 /* Common */ = {
			isa = PBXGroup;
			children = (
				EAB9A00627A9227000F2C4E9 /* TableViewHeaders */,
				EAB9A00327A921D000F2C4E9 /* Views */,
				EAB99F9427A816E400F2C4E9 /* ViewControllers */,
			);
			path = Common;
			sourceTree = "<group>";
		};
		EA586F4F27A7D7A100F5A904 /* Scenes */ = {
			isa = PBXGroup;
			children = (
				EAB99FFF27A91DBF00F2C4E9 /* Forecast */,
				EAB99FB327A8204100F2C4E9 /* CityChoosing */,
			);
			path = Scenes;
			sourceTree = "<group>";
		};
		EA586F5927A7DB6A00F5A904 /* UIKit */ = {
			isa = PBXGroup;
			children = (
				EA586F5727A7DB4B00F5A904 /* UIViewController+Extensions.swift */,
				EAB99FAB27A81ED900F2C4E9 /* UITableView+Extensions.swift */,
				EAB99FAD27A81EF900F2C4E9 /* UITableViewCell+Extensions.swift */,
				EAB99FAF27A81F1000F2C4E9 /* UITableHeaderFooterView+Extensions.swift */,
				EAB9A01327A9253300F2C4E9 /* UIImageView+Extensions.swift */,
				EAB9A02027A9272900F2C4E9 /* UILabel+Extensions.swift */,
				EAB9A03627A933B700F2C4E9 /* UIButton+Extensions.swift */,
			);
			path = UIKit;
			sourceTree = "<group>";
		};
		EA586F5A27A7DCA900F5A904 /* Router */ = {
			isa = PBXGroup;
			children = (
				EA586F5D27A7DCC600F5A904 /* Router.swift */,
				EA586F5B27A7DCBB00F5A904 /* RouterImp.swift */,
			);
			path = Router;
			sourceTree = "<group>";
		};
		EAA1EA7B27A7B1A000D6EAB1 = {
			isa = PBXGroup;
			children = (
				EAA1EA8627A7B1A000D6EAB1 /* Source */,
				EAA1EA8527A7B1A000D6EAB1 /* Products */,
			);
			sourceTree = "<group>";
		};
		EAA1EA8527A7B1A000D6EAB1 /* Products */ = {
			isa = PBXGroup;
			children = (
				EAA1EA8427A7B1A000D6EAB1 /* Weather.app */,
			);
			name = Products;
			sourceTree = "<group>";
		};
		EAA1EA8627A7B1A000D6EAB1 /* Source */ = {
			isa = PBXGroup;
			children = (
				EAA1EA9E27A7B31000D6EAB1 /* App */,
				EAA1EABF27A7C2F700D6EAB1 /* Core */,
				EAA1EA9D27A7B30400D6EAB1 /* Resources */,
				EAA1EAC027A7C2FF00D6EAB1 /* Scenes */,
			);
			path = Source;
			sourceTree = "<group>";
		};
		EAA1EA9D27A7B30400D6EAB1 /* Resources */ = {
			isa = PBXGroup;
			children = (
				EAA1EAAB27A7B9E400D6EAB1 /* R.generated.swift */,
				EAA1EAAA27A7B56E00D6EAB1 /* Localizable.strings */,
				EAA1EA9027A7B1A200D6EAB1 /* Assets.xcassets */,
				EAA1EA9227A7B1A200D6EAB1 /* LaunchScreen.storyboard */,
				EAA1EA9527A7B1A200D6EAB1 /* Info.plist */,
			);
			path = Resources;
			sourceTree = "<group>";
		};
		EAA1EA9E27A7B31000D6EAB1 /* App */ = {
			isa = PBXGroup;
			children = (
				EAA1EA8727A7B1A000D6EAB1 /* AppDelegate.swift */,
				EAB99F7527A80CE400F2C4E9 /* Coordinator */,
			);
			path = App;
			sourceTree = "<group>";
		};
		EAA1EABF27A7C2F700D6EAB1 /* Core */ = {
			isa = PBXGroup;
			children = (
				EA586F4327A7D69A00F5A904 /* Base */,
				EAA1EAC227A7C39600D6EAB1 /* Components */,
				EA586F4427A7D6AB00F5A904 /* Entities */,
				EAA1EAC127A7C30E00D6EAB1 /* Services */,
				EAA1EAC327A7C39C00D6EAB1 /* SupportingFiles */,
			);
			path = Core;
			sourceTree = "<group>";
		};
		EAA1EAC027A7C2FF00D6EAB1 /* Scenes */ = {
			isa = PBXGroup;
			children = (
				EAB99F8327A812E100F2C4E9 /* CitySelection */,
				EAB99FBB27A8FE6100F2C4E9 /* Forecast */,
			);
			path = Scenes;
			sourceTree = "<group>";
		};
		EAA1EAC127A7C30E00D6EAB1 /* Services */ = {
			isa = PBXGroup;
			children = (
				EAB99F8027A810FD00F2C4E9 /* Shared */,
				EAB99F6627A8030600F2C4E9 /* Scenes */,
				EAB99F6527A802F500F2C4E9 /* Common */,
			);
			path = Services;
			sourceTree = "<group>";
		};
		EAA1EAC227A7C39600D6EAB1 /* Components */ = {
			isa = PBXGroup;
			children = (
				EA586F4F27A7D7A100F5A904 /* Scenes */,
				EA586F4E27A7D78D00F5A904 /* Common */,
			);
			path = Components;
			sourceTree = "<group>";
		};
		EAA1EAC327A7C39C00D6EAB1 /* SupportingFiles */ = {
			isa = PBXGroup;
			children = (
				EA586F4C27A7D76B00F5A904 /* Extensions */,
				EAB99F9727A8175900F2C4E9 /* UIConfigurable.swift */,
				EAB99FB727A824B600F2C4E9 /* CellResolver.swift */,
				EAB99FF527A90C7800F2C4E9 /* LocalErasable.swift */,
				EAB99FF727A90C9300F2C4E9 /* DatabaseErasable.swift */,
				EAB9A01127A924EF00F2C4E9 /* AppImage.swift */,
				EAB9A01827A925C400F2C4E9 /* SVGImageProcessor.swift */,
				EAB9A02227A9277400F2C4E9 /* Environment.swift */,
				EAB9A02427A9284600F2C4E9 /* RequestResolver.swift */,
			);
			path = SupportingFiles;
			sourceTree = "<group>";
		};
		EAB99F6027A8016F00F2C4E9 /* Common */ = {
			isa = PBXGroup;
			children = (
				EAB99F6127A8017D00F2C4E9 /* Location.swift */,
				EAB99F6327A8018600F2C4E9 /* City.swift */,
				EAB9A00C27A9232300F2C4E9 /* DisclosureHeader.swift */,
				EAB9A00E27A9237000F2C4E9 /* ShortForecast.swift */,
				EAB9A03227A92B5900F2C4E9 /* ForecastLanguage.swift */,
				EAB9A03B27A934A900F2C4E9 /* AppInitialState.swift */,
			);
			path = Common;
			sourceTree = "<group>";
		};
		EAB99F6527A802F500F2C4E9 /* Common */ = {
			isa = PBXGroup;
			children = (
				EAB9A02627A9289900F2C4E9 /* Network */,
				EAB99F6727A8032700F2C4E9 /* CitiesFetchService.swift */,
				EAB99FB927A8336A00F2C4E9 /* DatabaseService.swift */,
			);
			path = Common;
			sourceTree = "<group>";
		};
		EAB99F6627A8030600F2C4E9 /* Scenes */ = {
			isa = PBXGroup;
			children = (
				EAB9A03827A9341200F2C4E9 /* Global */,
			);
			path = Scenes;
			sourceTree = "<group>";
		};
		EAB99F7527A80CE400F2C4E9 /* Coordinator */ = {
			isa = PBXGroup;
			children = (
				EAB99F7327A80CE100F2C4E9 /* AppCoordinator.swift */,
				EAB99F7627A80CF600F2C4E9 /* AppCoordinatorImp.swift */,
				EAB99F7827A80D0100F2C4E9 /* AppCoordinatorAssembly.swift */,
			);
			path = Coordinator;
			sourceTree = "<group>";
		};
		EAB99F8027A810FD00F2C4E9 /* Shared */ = {
			isa = PBXGroup;
			children = (
				EAB99F8127A8110700F2C4E9 /* DIContainer.swift */,
			);
			path = Shared;
			sourceTree = "<group>";
		};
		EAB99F8327A812E100F2C4E9 /* CitySelection */ = {
			isa = PBXGroup;
			children = (
				EAB99F8427A812EB00F2C4E9 /* Coordinator */,
				EAB99F8527A812F000F2C4E9 /* Modules */,
			);
			path = CitySelection;
			sourceTree = "<group>";
		};
		EAB99F8427A812EB00F2C4E9 /* Coordinator */ = {
			isa = PBXGroup;
			children = (
				EAB99F8627A8137A00F2C4E9 /* CitySelectionCoordinatorAssembly.swift */,
				EAB99F8827A813C400F2C4E9 /* CitySelectionCoordinator.swift */,
			);
			path = Coordinator;
			sourceTree = "<group>";
		};
		EAB99F8527A812F000F2C4E9 /* Modules */ = {
			isa = PBXGroup;
			children = (
				EAB99F8A27A8159500F2C4E9 /* CityChoosing */,
			);
			path = Modules;
			sourceTree = "<group>";
		};
		EAB99F8A27A8159500F2C4E9 /* CityChoosing */ = {
			isa = PBXGroup;
			children = (
				EAB99F8B27A8159F00F2C4E9 /* View */,
				EAB99F8C27A815A300F2C4E9 /* Presenter */,
				EAB99F8D27A815A900F2C4E9 /* Interactor */,
				EAB99FA527A81D2B00F2C4E9 /* Assembly */,
			);
			path = CityChoosing;
			sourceTree = "<group>";
		};
		EAB99F8B27A8159F00F2C4E9 /* View */ = {
			isa = PBXGroup;
			children = (
				EAB99FA827A81E1B00F2C4E9 /* Adapter */,
				EAB99F8E27A815D100F2C4E9 /* CityChoosingViewInput.swift */,
				EAB99F9027A815DA00F2C4E9 /* CityChoosingViewOutput.swift */,
				EAB99F9227A815E200F2C4E9 /* CityChoosingView.swift */,
			);
			path = View;
			sourceTree = "<group>";
		};
		EAB99F8C27A815A300F2C4E9 /* Presenter */ = {
			isa = PBXGroup;
			children = (
				EAB99F9B27A818C200F2C4E9 /* CityChoosingModuleInput.swift */,
				EAB99F9927A818B500F2C4E9 /* CityChoosingModuleOutput.swift */,
				EAB99F9D27A818D600F2C4E9 /* CityChoosingPresenter.swift */,
			);
			path = Presenter;
			sourceTree = "<group>";
		};
		EAB99F8D27A815A900F2C4E9 /* Interactor */ = {
			isa = PBXGroup;
			children = (
				EAB99F9F27A81A0100F2C4E9 /* CityChoosingInteractorInput.swift */,
				EAB99FA127A81A0900F2C4E9 /* CityChoosingInteractorOutput.swift */,
				EAB99FA327A81A1000F2C4E9 /* CityChoosingInteractor.swift */,
			);
			path = Interactor;
			sourceTree = "<group>";
		};
		EAB99F9427A816E400F2C4E9 /* ViewControllers */ = {
			isa = PBXGroup;
			children = (
				EAB99F9527A816F500F2C4E9 /* BaseViewController.swift */,
			);
			path = ViewControllers;
			sourceTree = "<group>";
		};
		EAB99FA527A81D2B00F2C4E9 /* Assembly */ = {
			isa = PBXGroup;
			children = (
				EAB99FA627A81D5300F2C4E9 /* CityChoosingModuleAssembly.swift */,
			);
			path = Assembly;
			sourceTree = "<group>";
		};
		EAB99FA827A81E1B00F2C4E9 /* Adapter */ = {
			isa = PBXGroup;
			children = (
				EAB99FA927A81E5B00F2C4E9 /* CityChoosingTableViewAdapter.swift */,
			);
			path = Adapter;
			sourceTree = "<group>";
		};
		EAB99FB327A8204100F2C4E9 /* CityChoosing */ = {
			isa = PBXGroup;
			children = (
				EAB99FB127A8200C00F2C4E9 /* CityTableViewCell.swift */,
			);
			path = CityChoosing;
			sourceTree = "<group>";
		};
		EAB99FB427A821D300F2C4E9 /* SwiftUI */ = {
			isa = PBXGroup;
			children = (
				EAB99FB527A821DE00F2C4E9 /* Previews.swift */,
			);
			path = SwiftUI;
			sourceTree = "<group>";
		};
		EAB99FBB27A8FE6100F2C4E9 /* Forecast */ = {
			isa = PBXGroup;
			children = (
				EAB99FBC27A8FE7100F2C4E9 /* Coordinator */,
				EAB99FBD27A8FE7F00F2C4E9 /* Modules */,
			);
			path = Forecast;
			sourceTree = "<group>";
		};
		EAB99FBC27A8FE7100F2C4E9 /* Coordinator */ = {
			isa = PBXGroup;
			children = (
				EAB99FC027A8FEAF00F2C4E9 /* ForecastCoordinator.swift */,
				EAB99FC227A8FEBF00F2C4E9 /* ForecastCoordinatorAssembly.swift */,
			);
			path = Coordinator;
			sourceTree = "<group>";
		};
		EAB99FBD27A8FE7F00F2C4E9 /* Modules */ = {
			isa = PBXGroup;
			children = (
				EAB99FBE27A8FE8600F2C4E9 /* CityForecast */,
				EABFFBF927AA63A500851989 /* HourForecast */,
			);
			path = Modules;
			sourceTree = "<group>";
		};
		EAB99FBE27A8FE8600F2C4E9 /* CityForecast */ = {
			isa = PBXGroup;
			children = (
				EAB99FCE27A8FF8D00F2C4E9 /* Adapter */,
				EAB99FC727A8FED700F2C4E9 /* View */,
				EAB99FC627A8FED300F2C4E9 /* Presenter */,
				EAB99FC527A8FECD00F2C4E9 /* Interactor */,
				EAB99FC427A8FEC800F2C4E9 /* Assembly */,
			);
			path = CityForecast;
			sourceTree = "<group>";
		};
		EAB99FC427A8FEC800F2C4E9 /* Assembly */ = {
			isa = PBXGroup;
			children = (
				EAB9A03D27A93A9500F2C4E9 /* CityForecastModuleAssembly.swift */,
			);
			path = Assembly;
			sourceTree = "<group>";
		};
		EAB99FC527A8FECD00F2C4E9 /* Interactor */ = {
			isa = PBXGroup;
			children = (
				EAB9A04327A93CB200F2C4E9 /* CityForecastInteractorInput.swift */,
				EAB9A04527A93CEE00F2C4E9 /* CityForecastInteractorOutput.swift */,
				EAB9A04727A93CFB00F2C4E9 /* CityForecastInteractor.swift */,
			);
			path = Interactor;
			sourceTree = "<group>";
		};
		EAB99FC627A8FED300F2C4E9 /* Presenter */ = {
			isa = PBXGroup;
			children = (
				EAB9A03F27A93B3000F2C4E9 /* CityForecastModuleInput.swift */,
				EAB9A04927A9506300F2C4E9 /* CityForecastModuleOutput.swift */,
				EAB9A04127A93B4400F2C4E9 /* CityForecastPresenter.swift */,
			);
			path = Presenter;
			sourceTree = "<group>";
		};
		EAB99FC727A8FED700F2C4E9 /* View */ = {
			isa = PBXGroup;
			children = (
				EAB99FC827A8FEF000F2C4E9 /* CityForecastViewInput.swift */,
				EAB99FCA27A8FF1000F2C4E9 /* CityForecastViewOutput.swift */,
				EAB99FCC27A8FF3200F2C4E9 /* CityForecastView.swift */,
			);
			path = View;
			sourceTree = "<group>";
		};
		EAB99FCE27A8FF8D00F2C4E9 /* Adapter */ = {
			isa = PBXGroup;
			children = (
				EAB99FCF27A9006000F2C4E9 /* CityForecastTableViewAdapter.swift */,
			);
			path = Adapter;
			sourceTree = "<group>";
		};
		EAB99FDB27A902EE00F2C4E9 /* Server */ = {
			isa = PBXGroup;
			children = (
				EAB99FD127A901FE00F2C4E9 /* ServerWeather.swift */,
				EAB99FD327A9023D00F2C4E9 /* ServerForecastWeather.swift */,
				EAB99FD527A9026000F2C4E9 /* ServerForecastWeatherPart.swift */,
				EAB99FD727A9029B00F2C4E9 /* ServerDayPartWeather.swift */,
				EAB99FD927A902BE00F2C4E9 /* ServerDayHourForecast.swift */,
			);
			path = Server;
			sourceTree = "<group>";
		};
		EAB99FDC27A9030300F2C4E9 /* Local */ = {
			isa = PBXGroup;
			children = (
				EAB99FDD27A9030F00F2C4E9 /* Weather.swift */,
				EAB99FDF27A9034500F2C4E9 /* ForecastWeather.swift */,
				EAB99FE127A9039600F2C4E9 /* ForecastWeatherPart.swift */,
				EAB99FE327A903BF00F2C4E9 /* DayPartWeather.swift */,
				EAB99FE527A903E800F2C4E9 /* DaysHourForecast.swift */,
			);
			path = Local;
			sourceTree = "<group>";
		};
		EAB99FE727A9046900F2C4E9 /* Common */ = {
			isa = PBXGroup;
			children = (
				EAB99F6927A8061200F2C4E9 /* DBCity.swift */,
				EAB99F6F27A8094100F2C4E9 /* DBLocation.swift */,
				EAA4A2C127A9924E00B60435 /* DatabaseChanges.swift */,
			);
			path = Common;
			sourceTree = "<group>";
		};
		EAB99FE827A9047C00F2C4E9 /* CityForecastScene */ = {
			isa = PBXGroup;
			children = (
				EAB99FE927A904D000F2C4E9 /* DBWeather.swift */,
				EAB99FEB27A9050B00F2C4E9 /* DBForecastWeather.swift */,
				EAB99FEF27A9056E00F2C4E9 /* DBForecastWeatherPart.swift */,
				EAB99FF127A905AB00F2C4E9 /* DBDayPartWeather.swift */,
				EAB99FED27A9054000F2C4E9 /* DBDaysHourForecast.swift */,
			);
			path = CityForecastScene;
			sourceTree = "<group>";
		};
		EAB99FFB27A91BD600F2C4E9 /* ForecastScene */ = {
			isa = PBXGroup;
			children = (
				EABFFC0E27AA678E00851989 /* HourForecast */,
				EAB99FFC27A91BFD00F2C4E9 /* CityForecast */,
			);
			path = ForecastScene;
			sourceTree = "<group>";
		};
		EAB99FFC27A91BFD00F2C4E9 /* CityForecast */ = {
			isa = PBXGroup;
			children = (
				EAB99FFD27A91C1300F2C4E9 /* DayWeather.swift */,
			);
			path = CityForecast;
			sourceTree = "<group>";
		};
		EAB99FFF27A91DBF00F2C4E9 /* Forecast */ = {
			isa = PBXGroup;
			children = (
				EABFFC0927AA665600851989 /* HourForecast */,
				EAB9A00027A91DCF00F2C4E9 /* CityForecast */,
			);
			path = Forecast;
			sourceTree = "<group>";
		};
		EAB9A00027A91DCF00F2C4E9 /* CityForecast */ = {
			isa = PBXGroup;
			children = (
				EAB9A00127A91E6700F2C4E9 /* DayPartForecastTableViewCell.swift */,
			);
			path = CityForecast;
			sourceTree = "<group>";
		};
		EAB9A00327A921D000F2C4E9 /* Views */ = {
			isa = PBXGroup;
			children = (
				EAB9A00427A921EF00F2C4E9 /* DayPartForecastView.swift */,
			);
			path = Views;
			sourceTree = "<group>";
		};
		EAB9A00627A9227000F2C4E9 /* TableViewHeaders */ = {
			isa = PBXGroup;
			children = (
				EAB9A00727A9228600F2C4E9 /* DisclosureTableViewHeader */,
			);
			path = TableViewHeaders;
			sourceTree = "<group>";
		};
		EAB9A00727A9228600F2C4E9 /* DisclosureTableViewHeader */ = {
			isa = PBXGroup;
			children = (
				EAB9A00827A9228600F2C4E9 /* DisclosureTableViewHeaderViewDelegate.swift */,
				EAB9A00927A9228600F2C4E9 /* DisclosureTableViewHeaderView.swift */,
			);
			path = DisclosureTableViewHeader;
			sourceTree = "<group>";
		};
		EAB9A02627A9289900F2C4E9 /* Network */ = {
			isa = PBXGroup;
			children = (
				EAB9A02D27A9298000F2C4E9 /* NetworkError.swift */,
				EAB9A02727A928A600F2C4E9 /* Endpoint.swift */,
				EAB9A03427A92C9100F2C4E9 /* NetworkManager.swift */,
				EAB9A02B27A9291800F2C4E9 /* Scenes */,
			);
			path = Network;
			sourceTree = "<group>";
		};
		EAB9A02B27A9291800F2C4E9 /* Scenes */ = {
			isa = PBXGroup;
			children = (
				EAB9A02C27A9291D00F2C4E9 /* Forecast */,
			);
			path = Scenes;
			sourceTree = "<group>";
		};
		EAB9A02C27A9291D00F2C4E9 /* Forecast */ = {
			isa = PBXGroup;
			children = (
				EAB9A02927A9290E00F2C4E9 /* ForecastEndpoint.swift */,
			);
			path = Forecast;
			sourceTree = "<group>";
		};
		EAB9A02F27A92B1500F2C4E9 /* Requests */ = {
			isa = PBXGroup;
			children = (
				EAB9A03027A92B2400F2C4E9 /* ForecastRequest.swift */,
			);
			path = Requests;
			sourceTree = "<group>";
		};
		EAB9A03827A9341200F2C4E9 /* Global */ = {
			isa = PBXGroup;
			children = (
				EAB9A03927A9342100F2C4E9 /* AppInitialStateService.swift */,
			);
			path = Global;
			sourceTree = "<group>";
		};
		EABFFBF927AA63A500851989 /* HourForecast */ = {
			isa = PBXGroup;
			children = (
				EABFFC0627AA65B900851989 /* Adapter */,
				EABFFBFD27AA63BF00851989 /* View */,
				EABFFBFC27AA63BA00851989 /* Presenter */,
				EABFFBFB27AA63B400851989 /* Interactor */,
				EABFFBFA27AA63AF00851989 /* Assembly */,
			);
			path = HourForecast;
			sourceTree = "<group>";
		};
		EABFFBFA27AA63AF00851989 /* Assembly */ = {
			isa = PBXGroup;
			children = (
				EABFFBFE27AA63CF00851989 /* HourForecastModuleAssembly.swift */,
			);
			path = Assembly;
			sourceTree = "<group>";
		};
		EABFFBFB27AA63B400851989 /* Interactor */ = {
			isa = PBXGroup;
			children = (
				EABFFC1727AA696200851989 /* HourForecastInteractorInput.swift */,
				EABFFC1927AA696A00851989 /* HourForecastInteractorOutput.swift */,
				EABFFC1B27AA697200851989 /* HourForecastInteractor.swift */,
			);
			path = Interactor;
			sourceTree = "<group>";
		};
		EABFFBFC27AA63BA00851989 /* Presenter */ = {
			isa = PBXGroup;
			children = (
				EABFFC1127AA67F600851989 /* HourForecastModuleInput.swift */,
				EABFFC1327AA680200851989 /* HourForecastModuleOutput.swift */,
				EABFFC1527AA680B00851989 /* HourForecastPresenter.swift */,
			);
			path = Presenter;
			sourceTree = "<group>";
		};
		EABFFBFD27AA63BF00851989 /* View */ = {
			isa = PBXGroup;
			children = (
				EABFFC0027AA643400851989 /* HourForecastViewInput.swift */,
				EABFFC0227AA644100851989 /* HourForecastViewOutput.swift */,
				EABFFC0427AA645200851989 /* HourForecastView.swift */,
			);
			path = View;
			sourceTree = "<group>";
		};
		EABFFC0627AA65B900851989 /* Adapter */ = {
			isa = PBXGroup;
			children = (
				EABFFC0727AA65E000851989 /* HourForecastTableViewAdapter.swift */,
			);
			path = Adapter;
			sourceTree = "<group>";
		};
		EABFFC0927AA665600851989 /* HourForecast */ = {
			isa = PBXGroup;
			children = (
				EABFFC0A27AA666600851989 /* HourForecastTableViewCell.swift */,
				EABFFC0C27AA670800851989 /* HourForecastInfoView.swift */,
			);
			path = HourForecast;
			sourceTree = "<group>";
		};
		EABFFC0E27AA678E00851989 /* HourForecast */ = {
			isa = PBXGroup;
			children = (
				EABFFC0F27AA679B00851989 /* HourForecast.swift */,
			);
			path = HourForecast;
			sourceTree = "<group>";
		};
/* End PBXGroup section */

/* Begin PBXNativeTarget section */
		EAA1EA8327A7B1A000D6EAB1 /* Weather */ = {
			isa = PBXNativeTarget;
			buildConfigurationList = EAA1EA9827A7B1A200D6EAB1 /* Build configuration list for PBXNativeTarget "Weather" */;
			buildPhases = (
				EAA1EAA227A7B4B400D6EAB1 /* SwiftLint */,
				EAA1EAA327A7B4EA00D6EAB1 /* R.swift */,
				EAA1EA8027A7B1A000D6EAB1 /* Sources */,
				EAA1EA8127A7B1A000D6EAB1 /* Frameworks */,
				EAA1EA8227A7B1A000D6EAB1 /* Resources */,
			);
			buildRules = (
			);
			dependencies = (
			);
			name = Weather;
			packageProductDependencies = (
				EAA1EAAE27A7BA7900D6EAB1 /* Rswift */,
				EAA1EAB127A7BA9900D6EAB1 /* SnapKit */,
				EAA1EAB427A7BAA500D6EAB1 /* Alamofire */,
				EAA1EAB727A7BAD700D6EAB1 /* SVGKitSwift */,
				EAA1EABA27A7BB6900D6EAB1 /* RealmSwift */,
				EAB9A01627A9258F00F2C4E9 /* Kingfisher */,
			);
			productName = Weather;
			productReference = EAA1EA8427A7B1A000D6EAB1 /* Weather.app */;
			productType = "com.apple.product-type.application";
		};
/* End PBXNativeTarget section */

/* Begin PBXProject section */
		EAA1EA7C27A7B1A000D6EAB1 /* Project object */ = {
			isa = PBXProject;
			attributes = {
				BuildIndependentTargetsInParallel = 1;
				LastSwiftUpdateCheck = 1320;
				LastUpgradeCheck = 1320;
				TargetAttributes = {
					EAA1EA8327A7B1A000D6EAB1 = {
						CreatedOnToolsVersion = 13.2.1;
					};
				};
			};
			buildConfigurationList = EAA1EA7F27A7B1A000D6EAB1 /* Build configuration list for PBXProject "Weather" */;
			compatibilityVersion = "Xcode 13.0";
			developmentRegion = ru;
			hasScannedForEncodings = 0;
			knownRegions = (
				ru,
				Base,
			);
			mainGroup = EAA1EA7B27A7B1A000D6EAB1;
			packageReferences = (
				EAA1EAAD27A7BA7900D6EAB1 /* XCRemoteSwiftPackageReference "R.swift" */,
				EAA1EAB027A7BA9900D6EAB1 /* XCRemoteSwiftPackageReference "SnapKit" */,
				EAA1EAB327A7BAA500D6EAB1 /* XCRemoteSwiftPackageReference "Alamofire" */,
				EAA1EAB627A7BAD700D6EAB1 /* XCRemoteSwiftPackageReference "SVGKit" */,
				EAA1EAB927A7BB6900D6EAB1 /* XCRemoteSwiftPackageReference "realm-swift" */,
				EAB9A01527A9258F00F2C4E9 /* XCRemoteSwiftPackageReference "Kingfisher" */,
			);
			productRefGroup = EAA1EA8527A7B1A000D6EAB1 /* Products */;
			projectDirPath = "";
			projectRoot = "";
			targets = (
				EAA1EA8327A7B1A000D6EAB1 /* Weather */,
			);
		};
/* End PBXProject section */

/* Begin PBXResourcesBuildPhase section */
		EAA1EA8227A7B1A000D6EAB1 /* Resources */ = {
			isa = PBXResourcesBuildPhase;
			buildActionMask = 2147483647;
			files = (
				EAA1EA9427A7B1A200D6EAB1 /* LaunchScreen.storyboard in Resources */,
				EAA1EAA827A7B56E00D6EAB1 /* Localizable.strings in Resources */,
				EAA1EA9127A7B1A200D6EAB1 /* Assets.xcassets in Resources */,
			);
			runOnlyForDeploymentPostprocessing = 0;
		};
/* End PBXResourcesBuildPhase section */

/* Begin PBXShellScriptBuildPhase section */
		EAA1EAA227A7B4B400D6EAB1 /* SwiftLint */ = {
			isa = PBXShellScriptBuildPhase;
			buildActionMask = 2147483647;
			files = (
			);
			inputFileListPaths = (
			);
			inputPaths = (
			);
			name = SwiftLint;
			outputFileListPaths = (
			);
			outputPaths = (
			);
			runOnlyForDeploymentPostprocessing = 0;
			shellPath = /bin/sh;
			shellScript = "export PATH=\"$PATH:/opt/homebrew/bin\"\n\nif which swiftlint >/dev/null; then\n  swiftlint\nelse\n  echo \"warning: SwiftLint not installed, download from https://github.com/realm/SwiftLint\"\nfi\n";
		};
		EAA1EAA327A7B4EA00D6EAB1 /* R.swift */ = {
			isa = PBXShellScriptBuildPhase;
			alwaysOutOfDate = 1;
			buildActionMask = 2147483647;
			files = (
			);
			inputFileListPaths = (
			);
			inputPaths = (
			);
			name = R.swift;
			outputFileListPaths = (
			);
			outputPaths = (
				$SRCROOT/Source/Resources/R.generated.swift,
			);
			runOnlyForDeploymentPostprocessing = 0;
			shellPath = /bin/sh;
			shellScript = "\"$SRCROOT/tools/rswift\" generate \"$SRCROOT/Source/Resources/R.generated.swift\"\n";
		};
/* End PBXShellScriptBuildPhase section */

/* Begin PBXSourcesBuildPhase section */
		EAA1EA8027A7B1A000D6EAB1 /* Sources */ = {
			isa = PBXSourcesBuildPhase;
			buildActionMask = 2147483647;
			files = (
				EAB99FFE27A91C1300F2C4E9 /* DayWeather.swift in Sources */,
				EAB9A01B27A9267B00F2C4E9 /* String+Extensions.swift in Sources */,
				EAB99FAA27A81E5B00F2C4E9 /* CityChoosingTableViewAdapter.swift in Sources */,
				EAB9A00527A921EF00F2C4E9 /* DayPartForecastView.swift in Sources */,
				EAB9A04A27A9506300F2C4E9 /* CityForecastModuleOutput.swift in Sources */,
				EAB99FFA27A913FE00F2C4E9 /* Realm+Extensions.swift in Sources */,
				EABFFC1A27AA696A00851989 /* HourForecastInteractorOutput.swift in Sources */,
				EAB9A02527A9284600F2C4E9 /* RequestResolver.swift in Sources */,
				EAB99FC927A8FEF000F2C4E9 /* CityForecastViewInput.swift in Sources */,
				EAB9A00A27A9228600F2C4E9 /* DisclosureTableViewHeaderViewDelegate.swift in Sources */,
				EABFFC1627AA680B00851989 /* HourForecastPresenter.swift in Sources */,
				EA586F5827A7DB4B00F5A904 /* UIViewController+Extensions.swift in Sources */,
				EAB99FBA27A8336A00F2C4E9 /* DatabaseService.swift in Sources */,
				EAA1EA8827A7B1A000D6EAB1 /* AppDelegate.swift in Sources */,
				EAA1EAAC27A7B9E400D6EAB1 /* R.generated.swift in Sources */,
				EAB99FB227A8200C00F2C4E9 /* CityTableViewCell.swift in Sources */,
				EAB9A04827A93CFB00F2C4E9 /* CityForecastInteractor.swift in Sources */,
				EAB99F6A27A8061200F2C4E9 /* DBCity.swift in Sources */,
				EAB9A01F27A926EA00F2C4E9 /* Int+Extensions.swift in Sources */,
				EAB99F7027A8094100F2C4E9 /* DBLocation.swift in Sources */,
				EAB99FE027A9034500F2C4E9 /* ForecastWeather.swift in Sources */,
				EAB9A02A27A9290E00F2C4E9 /* ForecastEndpoint.swift in Sources */,
				EAB99FF427A90C3E00F2C4E9 /* Array+Extensions.swift in Sources */,
				EAB9A01227A924EF00F2C4E9 /* AppImage.swift in Sources */,
				EAB99FD427A9023D00F2C4E9 /* ServerForecastWeather.swift in Sources */,
				EAB9A00B27A9228600F2C4E9 /* DisclosureTableViewHeaderView.swift in Sources */,
				EAB99FA427A81A1000F2C4E9 /* CityChoosingInteractor.swift in Sources */,
				EAB9A02E27A9298000F2C4E9 /* NetworkError.swift in Sources */,
				EAB99FB027A81F1000F2C4E9 /* UITableHeaderFooterView+Extensions.swift in Sources */,
				EAB99FCB27A8FF1000F2C4E9 /* CityForecastViewOutput.swift in Sources */,
				EAB99F9127A815DA00F2C4E9 /* CityChoosingViewOutput.swift in Sources */,
				EAB99FEE27A9054000F2C4E9 /* DBDaysHourForecast.swift in Sources */,
				EA586F5C27A7DCBB00F5A904 /* RouterImp.swift in Sources */,
				EABFFC0D27AA670800851989 /* HourForecastInfoView.swift in Sources */,
				EABFFC1C27AA697200851989 /* HourForecastInteractor.swift in Sources */,
				EAB99FE227A9039600F2C4E9 /* ForecastWeatherPart.swift in Sources */,
				EAB99F9327A815E200F2C4E9 /* CityChoosingView.swift in Sources */,
				EAB99FEC27A9050B00F2C4E9 /* DBForecastWeather.swift in Sources */,
				EAB99FEA27A904D000F2C4E9 /* DBWeather.swift in Sources */,
				EAB9A00227A91E6700F2C4E9 /* DayPartForecastTableViewCell.swift in Sources */,
				EAB99FA027A81A0200F2C4E9 /* CityChoosingInteractorInput.swift in Sources */,
				EAB99F6227A8017D00F2C4E9 /* Location.swift in Sources */,
				EAB9A04227A93B4400F2C4E9 /* CityForecastPresenter.swift in Sources */,
				EAB99F9E27A818D600F2C4E9 /* CityChoosingPresenter.swift in Sources */,
				EAB99FF227A905AB00F2C4E9 /* DBDayPartWeather.swift in Sources */,
				EAB9A01927A925C400F2C4E9 /* SVGImageProcessor.swift in Sources */,
				EAB99F9C27A818C200F2C4E9 /* CityChoosingModuleInput.swift in Sources */,
				EAB9A03A27A9342100F2C4E9 /* AppInitialStateService.swift in Sources */,
				EAB99FC327A8FEBF00F2C4E9 /* ForecastCoordinatorAssembly.swift in Sources */,
				EAB99FCD27A8FF3200F2C4E9 /* CityForecastView.swift in Sources */,
				EA586F5E27A7DCC600F5A904 /* Router.swift in Sources */,
				EAB99FAC27A81ED900F2C4E9 /* UITableView+Extensions.swift in Sources */,
				EAB99FE627A903E800F2C4E9 /* DaysHourForecast.swift in Sources */,
				EABFFC1427AA680200851989 /* HourForecastModuleOutput.swift in Sources */,
				EAB99F6427A8018600F2C4E9 /* City.swift in Sources */,
				EA586F5627A7DB0E00F5A904 /* Module.swift in Sources */,
				EAB9A03727A933B700F2C4E9 /* UIButton+Extensions.swift in Sources */,
				EAA4A2C227A9924E00B60435 /* DatabaseChanges.swift in Sources */,
				EAB9A03327A92B5900F2C4E9 /* ForecastLanguage.swift in Sources */,
				EAB99F6827A8032700F2C4E9 /* CitiesFetchService.swift in Sources */,
				EABFFC1027AA679B00851989 /* HourForecast.swift in Sources */,
				EABFFBFF27AA63CF00851989 /* HourForecastModuleAssembly.swift in Sources */,
				EAB99FD027A9006000F2C4E9 /* CityForecastTableViewAdapter.swift in Sources */,
				EAB99F9A27A818B500F2C4E9 /* CityChoosingModuleOutput.swift in Sources */,
				EABFFC0527AA645200851989 /* HourForecastView.swift in Sources */,
				EAB9A04427A93CB200F2C4E9 /* CityForecastInteractorInput.swift in Sources */,
				EAB99F9827A8175900F2C4E9 /* UIConfigurable.swift in Sources */,
				EABFFC0327AA644100851989 /* HourForecastViewOutput.swift in Sources */,
				EAB9A01D27A926B400F2C4E9 /* Sequence+Extensions.swift in Sources */,
				EAB99FE427A903BF00F2C4E9 /* DayPartWeather.swift in Sources */,
				EABFFC0127AA643400851989 /* HourForecastViewInput.swift in Sources */,
				EAB9A00F27A9237000F2C4E9 /* ShortForecast.swift in Sources */,
				EAB99F8227A8110700F2C4E9 /* DIContainer.swift in Sources */,
				EAB9A04627A93CEE00F2C4E9 /* CityForecastInteractorOutput.swift in Sources */,
				EAB9A00D27A9232300F2C4E9 /* DisclosureHeader.swift in Sources */,
				EAB9A04027A93B3000F2C4E9 /* CityForecastModuleInput.swift in Sources */,
				EAB99FF027A9056E00F2C4E9 /* DBForecastWeatherPart.swift in Sources */,
				EAB99FDA27A902BE00F2C4E9 /* ServerDayHourForecast.swift in Sources */,
				EAB99FA227A81A0900F2C4E9 /* CityChoosingInteractorOutput.swift in Sources */,
				EAB99FC127A8FEAF00F2C4E9 /* ForecastCoordinator.swift in Sources */,
				EAB99FA727A81D5300F2C4E9 /* CityChoosingModuleAssembly.swift in Sources */,
				EAB99F7427A80CE100F2C4E9 /* AppCoordinator.swift in Sources */,
				EAB99FAE27A81EF900F2C4E9 /* UITableViewCell+Extensions.swift in Sources */,
				EABFFC0827AA65E000851989 /* HourForecastTableViewAdapter.swift in Sources */,
				EAB99F7727A80CF600F2C4E9 /* AppCoordinatorImp.swift in Sources */,
				EAB9A03527A92C9100F2C4E9 /* NetworkManager.swift in Sources */,
				EAB99F5D27A7FE7100F2C4E9 /* Coordinator.swift in Sources */,
				EAB9A03E27A93A9500F2C4E9 /* CityForecastModuleAssembly.swift in Sources */,
				EAB99FB627A821DE00F2C4E9 /* Previews.swift in Sources */,
				EABFFC1827AA696200851989 /* HourForecastInteractorInput.swift in Sources */,
				EAB9A01427A9253300F2C4E9 /* UIImageView+Extensions.swift in Sources */,
				EABFFC1227AA67F600851989 /* HourForecastModuleInput.swift in Sources */,
				EAB9A02827A928A600F2C4E9 /* Endpoint.swift in Sources */,
				EAB99FD227A901FE00F2C4E9 /* ServerWeather.swift in Sources */,
				EAB99F5F27A7FE9A00F2C4E9 /* BaseCoordinator.swift in Sources */,
				EAB99F9627A816F500F2C4E9 /* BaseViewController.swift in Sources */,
				EAB99FB827A824B600F2C4E9 /* CellResolver.swift in Sources */,
				EAB99FF627A90C7800F2C4E9 /* LocalErasable.swift in Sources */,
				EAB99FD627A9026000F2C4E9 /* ServerForecastWeatherPart.swift in Sources */,
				EAB99F8F27A815D100F2C4E9 /* CityChoosingViewInput.swift in Sources */,
				EAB99FDE27A9030F00F2C4E9 /* Weather.swift in Sources */,
				EAB9A03127A92B2400F2C4E9 /* ForecastRequest.swift in Sources */,
				EAB99F8927A813C400F2C4E9 /* CitySelectionCoordinator.swift in Sources */,
				EAB99FF827A90C9300F2C4E9 /* DatabaseErasable.swift in Sources */,
				EABFFC0B27AA666600851989 /* HourForecastTableViewCell.swift in Sources */,
				EAB9A02327A9277400F2C4E9 /* Environment.swift in Sources */,
				EAB9A02127A9272900F2C4E9 /* UILabel+Extensions.swift in Sources */,
				EAB99F7927A80D0100F2C4E9 /* AppCoordinatorAssembly.swift in Sources */,
				EAB99FD827A9029B00F2C4E9 /* ServerDayPartWeather.swift in Sources */,
				EAB99F8727A8137A00F2C4E9 /* CitySelectionCoordinatorAssembly.swift in Sources */,
				EAB9A03C27A934A900F2C4E9 /* AppInitialState.swift in Sources */,
			);
			runOnlyForDeploymentPostprocessing = 0;
		};
/* End PBXSourcesBuildPhase section */

/* Begin PBXVariantGroup section */
		EAA1EA9227A7B1A200D6EAB1 /* LaunchScreen.storyboard */ = {
			isa = PBXVariantGroup;
			children = (
				EAA1EA9327A7B1A200D6EAB1 /* Base */,
			);
			name = LaunchScreen.storyboard;
			sourceTree = "<group>";
		};
		EAA1EAAA27A7B56E00D6EAB1 /* Localizable.strings */ = {
			isa = PBXVariantGroup;
			children = (
				EAA1EAA927A7B56E00D6EAB1 /* ru */,
			);
			name = Localizable.strings;
			sourceTree = "<group>";
		};
/* End PBXVariantGroup section */

/* Begin XCBuildConfiguration section */
		EAA1EA9627A7B1A200D6EAB1 /* Debug */ = {
			isa = XCBuildConfiguration;
			buildSettings = {
				ALWAYS_SEARCH_USER_PATHS = NO;
				CLANG_ANALYZER_NONNULL = YES;
				CLANG_ANALYZER_NUMBER_OBJECT_CONVERSION = YES_AGGRESSIVE;
				CLANG_CXX_LANGUAGE_STANDARD = "gnu++17";
				CLANG_CXX_LIBRARY = "libc++";
				CLANG_ENABLE_MODULES = YES;
				CLANG_ENABLE_OBJC_ARC = YES;
				CLANG_ENABLE_OBJC_WEAK = YES;
				CLANG_WARN_BLOCK_CAPTURE_AUTORELEASING = YES;
				CLANG_WARN_BOOL_CONVERSION = YES;
				CLANG_WARN_COMMA = YES;
				CLANG_WARN_CONSTANT_CONVERSION = YES;
				CLANG_WARN_DEPRECATED_OBJC_IMPLEMENTATIONS = YES;
				CLANG_WARN_DIRECT_OBJC_ISA_USAGE = YES_ERROR;
				CLANG_WARN_DOCUMENTATION_COMMENTS = YES;
				CLANG_WARN_EMPTY_BODY = YES;
				CLANG_WARN_ENUM_CONVERSION = YES;
				CLANG_WARN_INFINITE_RECURSION = YES;
				CLANG_WARN_INT_CONVERSION = YES;
				CLANG_WARN_NON_LITERAL_NULL_CONVERSION = YES;
				CLANG_WARN_OBJC_IMPLICIT_RETAIN_SELF = YES;
				CLANG_WARN_OBJC_LITERAL_CONVERSION = YES;
				CLANG_WARN_OBJC_ROOT_CLASS = YES_ERROR;
				CLANG_WARN_QUOTED_INCLUDE_IN_FRAMEWORK_HEADER = YES;
				CLANG_WARN_RANGE_LOOP_ANALYSIS = YES;
				CLANG_WARN_STRICT_PROTOTYPES = YES;
				CLANG_WARN_SUSPICIOUS_MOVE = YES;
				CLANG_WARN_UNGUARDED_AVAILABILITY = YES_AGGRESSIVE;
				CLANG_WARN_UNREACHABLE_CODE = YES;
				CLANG_WARN__DUPLICATE_METHOD_MATCH = YES;
				COPY_PHASE_STRIP = NO;
				DEBUG_INFORMATION_FORMAT = dwarf;
				ENABLE_STRICT_OBJC_MSGSEND = YES;
				ENABLE_TESTABILITY = YES;
				GCC_C_LANGUAGE_STANDARD = gnu11;
				GCC_DYNAMIC_NO_PIC = NO;
				GCC_NO_COMMON_BLOCKS = YES;
				GCC_OPTIMIZATION_LEVEL = 0;
				GCC_PREPROCESSOR_DEFINITIONS = (
					"DEBUG=1",
					"$(inherited)",
				);
				GCC_WARN_64_TO_32_BIT_CONVERSION = YES;
				GCC_WARN_ABOUT_RETURN_TYPE = YES_ERROR;
				GCC_WARN_UNDECLARED_SELECTOR = YES;
				GCC_WARN_UNINITIALIZED_AUTOS = YES_AGGRESSIVE;
				GCC_WARN_UNUSED_FUNCTION = YES;
				GCC_WARN_UNUSED_VARIABLE = YES;
				IPHONEOS_DEPLOYMENT_TARGET = 13.0;
				MTL_ENABLE_DEBUG_INFO = INCLUDE_SOURCE;
				MTL_FAST_MATH = YES;
				ONLY_ACTIVE_ARCH = YES;
				SDKROOT = iphoneos;
				SWIFT_ACTIVE_COMPILATION_CONDITIONS = DEBUG;
				SWIFT_OPTIMIZATION_LEVEL = "-Onone";
			};
			name = Debug;
		};
		EAA1EA9727A7B1A200D6EAB1 /* Release */ = {
			isa = XCBuildConfiguration;
			buildSettings = {
				ALWAYS_SEARCH_USER_PATHS = NO;
				CLANG_ANALYZER_NONNULL = YES;
				CLANG_ANALYZER_NUMBER_OBJECT_CONVERSION = YES_AGGRESSIVE;
				CLANG_CXX_LANGUAGE_STANDARD = "gnu++17";
				CLANG_CXX_LIBRARY = "libc++";
				CLANG_ENABLE_MODULES = YES;
				CLANG_ENABLE_OBJC_ARC = YES;
				CLANG_ENABLE_OBJC_WEAK = YES;
				CLANG_WARN_BLOCK_CAPTURE_AUTORELEASING = YES;
				CLANG_WARN_BOOL_CONVERSION = YES;
				CLANG_WARN_COMMA = YES;
				CLANG_WARN_CONSTANT_CONVERSION = YES;
				CLANG_WARN_DEPRECATED_OBJC_IMPLEMENTATIONS = YES;
				CLANG_WARN_DIRECT_OBJC_ISA_USAGE = YES_ERROR;
				CLANG_WARN_DOCUMENTATION_COMMENTS = YES;
				CLANG_WARN_EMPTY_BODY = YES;
				CLANG_WARN_ENUM_CONVERSION = YES;
				CLANG_WARN_INFINITE_RECURSION = YES;
				CLANG_WARN_INT_CONVERSION = YES;
				CLANG_WARN_NON_LITERAL_NULL_CONVERSION = YES;
				CLANG_WARN_OBJC_IMPLICIT_RETAIN_SELF = YES;
				CLANG_WARN_OBJC_LITERAL_CONVERSION = YES;
				CLANG_WARN_OBJC_ROOT_CLASS = YES_ERROR;
				CLANG_WARN_QUOTED_INCLUDE_IN_FRAMEWORK_HEADER = YES;
				CLANG_WARN_RANGE_LOOP_ANALYSIS = YES;
				CLANG_WARN_STRICT_PROTOTYPES = YES;
				CLANG_WARN_SUSPICIOUS_MOVE = YES;
				CLANG_WARN_UNGUARDED_AVAILABILITY = YES_AGGRESSIVE;
				CLANG_WARN_UNREACHABLE_CODE = YES;
				CLANG_WARN__DUPLICATE_METHOD_MATCH = YES;
				COPY_PHASE_STRIP = NO;
				DEBUG_INFORMATION_FORMAT = "dwarf-with-dsym";
				ENABLE_NS_ASSERTIONS = NO;
				ENABLE_STRICT_OBJC_MSGSEND = YES;
				GCC_C_LANGUAGE_STANDARD = gnu11;
				GCC_NO_COMMON_BLOCKS = YES;
				GCC_WARN_64_TO_32_BIT_CONVERSION = YES;
				GCC_WARN_ABOUT_RETURN_TYPE = YES_ERROR;
				GCC_WARN_UNDECLARED_SELECTOR = YES;
				GCC_WARN_UNINITIALIZED_AUTOS = YES_AGGRESSIVE;
				GCC_WARN_UNUSED_FUNCTION = YES;
				GCC_WARN_UNUSED_VARIABLE = YES;
				IPHONEOS_DEPLOYMENT_TARGET = 13.0;
				MTL_ENABLE_DEBUG_INFO = NO;
				MTL_FAST_MATH = YES;
				SDKROOT = iphoneos;
				SWIFT_COMPILATION_MODE = wholemodule;
				SWIFT_OPTIMIZATION_LEVEL = "-O";
				VALIDATE_PRODUCT = YES;
			};
			name = Release;
		};
		EAA1EA9927A7B1A200D6EAB1 /* Debug */ = {
			isa = XCBuildConfiguration;
			buildSettings = {
				ASSETCATALOG_COMPILER_APPICON_NAME = AppIcon;
				ASSETCATALOG_COMPILER_GLOBAL_ACCENT_COLOR_NAME = AccentColor;
				CODE_SIGN_STYLE = Automatic;
				CURRENT_PROJECT_VERSION = 1;
				DEVELOPMENT_TEAM = 7VZ6PWWYZ5;
				GENERATE_INFOPLIST_FILE = YES;
				INFOPLIST_FILE = Source/Resources/Info.plist;
				INFOPLIST_KEY_UIApplicationSupportsIndirectInputEvents = YES;
				INFOPLIST_KEY_UILaunchStoryboardName = LaunchScreen;
				INFOPLIST_KEY_UIMainStoryboardFile = LaunchScreen;
				INFOPLIST_KEY_UISupportedInterfaceOrientations = UIInterfaceOrientationPortrait;
				INFOPLIST_KEY_UISupportedInterfaceOrientations_iPad = "UIInterfaceOrientationPortrait UIInterfaceOrientationPortraitUpsideDown UIInterfaceOrientationLandscapeLeft UIInterfaceOrientationLandscapeRight";
				INFOPLIST_KEY_UISupportedInterfaceOrientations_iPhone = "UIInterfaceOrientationPortrait UIInterfaceOrientationLandscapeLeft UIInterfaceOrientationLandscapeRight";
				IPHONEOS_DEPLOYMENT_TARGET = 13.0;
				LD_RUNPATH_SEARCH_PATHS = (
					"$(inherited)",
					"@executable_path/Frameworks",
				);
				MARKETING_VERSION = 1.0;
				PRODUCT_BUNDLE_IDENTIFIER = "com.era-wq.weather.ios";
				PRODUCT_NAME = "$(TARGET_NAME)";
				SWIFT_EMIT_LOC_STRINGS = YES;
				SWIFT_VERSION = 5.0;
				TARGETED_DEVICE_FAMILY = 1;
			};
			name = Debug;
		};
		EAA1EA9A27A7B1A200D6EAB1 /* Release */ = {
			isa = XCBuildConfiguration;
			buildSettings = {
				ASSETCATALOG_COMPILER_APPICON_NAME = AppIcon;
				ASSETCATALOG_COMPILER_GLOBAL_ACCENT_COLOR_NAME = AccentColor;
				CODE_SIGN_STYLE = Automatic;
				CURRENT_PROJECT_VERSION = 1;
				DEVELOPMENT_TEAM = 7VZ6PWWYZ5;
				GENERATE_INFOPLIST_FILE = YES;
				INFOPLIST_FILE = Source/Resources/Info.plist;
				INFOPLIST_KEY_UIApplicationSupportsIndirectInputEvents = YES;
				INFOPLIST_KEY_UILaunchStoryboardName = LaunchScreen;
				INFOPLIST_KEY_UIMainStoryboardFile = LaunchScreen;
				INFOPLIST_KEY_UISupportedInterfaceOrientations = UIInterfaceOrientationPortrait;
				INFOPLIST_KEY_UISupportedInterfaceOrientations_iPad = "UIInterfaceOrientationPortrait UIInterfaceOrientationPortraitUpsideDown UIInterfaceOrientationLandscapeLeft UIInterfaceOrientationLandscapeRight";
				INFOPLIST_KEY_UISupportedInterfaceOrientations_iPhone = "UIInterfaceOrientationPortrait UIInterfaceOrientationLandscapeLeft UIInterfaceOrientationLandscapeRight";
				IPHONEOS_DEPLOYMENT_TARGET = 13.0;
				LD_RUNPATH_SEARCH_PATHS = (
					"$(inherited)",
					"@executable_path/Frameworks",
				);
				MARKETING_VERSION = 1.0;
				PRODUCT_BUNDLE_IDENTIFIER = "com.era-wq.weather.ios";
				PRODUCT_NAME = "$(TARGET_NAME)";
				SWIFT_EMIT_LOC_STRINGS = YES;
				SWIFT_VERSION = 5.0;
				TARGETED_DEVICE_FAMILY = 1;
			};
			name = Release;
		};
/* End XCBuildConfiguration section */

/* Begin XCConfigurationList section */
		EAA1EA7F27A7B1A000D6EAB1 /* Build configuration list for PBXProject "Weather" */ = {
			isa = XCConfigurationList;
			buildConfigurations = (
				EAA1EA9627A7B1A200D6EAB1 /* Debug */,
				EAA1EA9727A7B1A200D6EAB1 /* Release */,
			);
			defaultConfigurationIsVisible = 0;
			defaultConfigurationName = Release;
		};
		EAA1EA9827A7B1A200D6EAB1 /* Build configuration list for PBXNativeTarget "Weather" */ = {
			isa = XCConfigurationList;
			buildConfigurations = (
				EAA1EA9927A7B1A200D6EAB1 /* Debug */,
				EAA1EA9A27A7B1A200D6EAB1 /* Release */,
			);
			defaultConfigurationIsVisible = 0;
			defaultConfigurationName = Release;
		};
/* End XCConfigurationList section */

/* Begin XCRemoteSwiftPackageReference section */
		EAA1EAAD27A7BA7900D6EAB1 /* XCRemoteSwiftPackageReference "R.swift" */ = {
			isa = XCRemoteSwiftPackageReference;
			repositoryURL = "https://github.com/mac-cain13/R.swift.Library";
			requirement = {
				kind = upToNextMajorVersion;
				minimumVersion = 5.4.0;
			};
		};
		EAA1EAB027A7BA9900D6EAB1 /* XCRemoteSwiftPackageReference "SnapKit" */ = {
			isa = XCRemoteSwiftPackageReference;
			repositoryURL = "https://github.com/SnapKit/SnapKit";
			requirement = {
				kind = upToNextMajorVersion;
				minimumVersion = 5.0.0;
			};
		};
		EAA1EAB327A7BAA500D6EAB1 /* XCRemoteSwiftPackageReference "Alamofire" */ = {
			isa = XCRemoteSwiftPackageReference;
			repositoryURL = "https://github.com/Alamofire/Alamofire";
			requirement = {
				kind = upToNextMajorVersion;
				minimumVersion = 5.0.0;
			};
		};
		EAA1EAB627A7BAD700D6EAB1 /* XCRemoteSwiftPackageReference "SVGKit" */ = {
			isa = XCRemoteSwiftPackageReference;
			repositoryURL = "https://github.com/SVGKit/SVGKit";
			requirement = {
				kind = upToNextMajorVersion;
				minimumVersion = 3.0.0;
			};
		};
		EAA1EAB927A7BB6900D6EAB1 /* XCRemoteSwiftPackageReference "realm-swift" */ = {
			isa = XCRemoteSwiftPackageReference;
			repositoryURL = "https://github.com/realm/realm-swift";
			requirement = {
				kind = upToNextMajorVersion;
				minimumVersion = 10.22.0;
			};
		};
		EAB9A01527A9258F00F2C4E9 /* XCRemoteSwiftPackageReference "Kingfisher" */ = {
			isa = XCRemoteSwiftPackageReference;
			repositoryURL = "https://github.com/onevcat/Kingfisher";
			requirement = {
				kind = upToNextMajorVersion;
				minimumVersion = 7.0.0;
			};
		};
/* End XCRemoteSwiftPackageReference section */

/* Begin XCSwiftPackageProductDependency section */
		EAA1EAAE27A7BA7900D6EAB1 /* Rswift */ = {
			isa = XCSwiftPackageProductDependency;
			package = EAA1EAAD27A7BA7900D6EAB1 /* XCRemoteSwiftPackageReference "R.swift" */;
			productName = Rswift;
		};
		EAA1EAB127A7BA9900D6EAB1 /* SnapKit */ = {
			isa = XCSwiftPackageProductDependency;
			package = EAA1EAB027A7BA9900D6EAB1 /* XCRemoteSwiftPackageReference "SnapKit" */;
			productName = SnapKit;
		};
		EAA1EAB427A7BAA500D6EAB1 /* Alamofire */ = {
			isa = XCSwiftPackageProductDependency;
			package = EAA1EAB327A7BAA500D6EAB1 /* XCRemoteSwiftPackageReference "Alamofire" */;
			productName = Alamofire;
		};
		EAA1EAB727A7BAD700D6EAB1 /* SVGKitSwift */ = {
			isa = XCSwiftPackageProductDependency;
			package = EAA1EAB627A7BAD700D6EAB1 /* XCRemoteSwiftPackageReference "SVGKit" */;
			productName = SVGKitSwift;
		};
		EAA1EABA27A7BB6900D6EAB1 /* RealmSwift */ = {
			isa = XCSwiftPackageProductDependency;
			package = EAA1EAB927A7BB6900D6EAB1 /* XCRemoteSwiftPackageReference "realm-swift" */;
			productName = RealmSwift;
		};
		EAB9A01627A9258F00F2C4E9 /* Kingfisher */ = {
			isa = XCSwiftPackageProductDependency;
			package = EAB9A01527A9258F00F2C4E9 /* XCRemoteSwiftPackageReference "Kingfisher" */;
			productName = Kingfisher;
		};
/* End XCSwiftPackageProductDependency section */
	};
	rootObject = EAA1EA7C27A7B1A000D6EAB1 /* Project object */;
}
